
Microsoft Visual Studio Solution File, Format Version 12.00
# Visual Studio Version 17
Project("{2150E333-8FDC-42A3-9474-1A3956D46DE8}") = "CMakePredefinedTargets", "CMakePredefinedTargets", "{37C0FBCF-224B-384B-A0E9-96AE494809A5}"
EndProject
Project("{2150E333-8FDC-42A3-9474-1A3956D46DE8}") = "VulkanUtilityHeaders", "VulkanUtilityHeaders", "{9BB6A6D2-0597-3328-961C-0F6F523FAE2F}"
EndProject
Project("{8BC9CEB8-8B4A-11D0-8D11-00A0C91BC942}") = "yuzu", "src\yuzu\yuzu.vcxproj", "{E9570DCE-B6E4-325D-A71E-CAEA477FBA97}"
	ProjectSection(ProjectDependencies) = postProject
		{31E6D7FF-9ADF-3349-849A-F6078A9360CD} = {31E6D7FF-9ADF-3349-849A-F6078A9360CD}
		{26F0E933-CFB4-3A20-8ED3-AC1920C06FD7} = {26F0E933-CFB4-3A20-8ED3-AC1920C06FD7}
		{2A2812E2-22C7-3686-AA10-A8FBA9231DD4} = {2A2812E2-22C7-3686-AA10-A8FBA9231DD4}
		{5A1ABF7C-8DAF-3D00-8152-C1862E0C93A7} = {5A1ABF7C-8DAF-3D00-8152-C1862E0C93A7}
		{952E54FE-8942-32D5-9065-D6B2AEB3D7C9} = {952E54FE-8942-32D5-9065-D6B2AEB3D7C9}
		{9C247918-7C3D-3073-AB9C-5622FE269B36} = {9C247918-7C3D-3073-AB9C-5622FE269B36}
		{FA9635B7-FB58-3F7C-A9E9-A0F6D73BEC13} = {FA9635B7-FB58-3F7C-A9E9-A0F6D73BEC13}
		{72F2BDAD-4A90-3F9A-9861-651E72A4400A} = {72F2BDAD-4A90-3F9A-9861-651E72A4400A}
		{177D64BA-81AB-3CC2-AC2C-F38684BD3384} = {177D64BA-81AB-3CC2-AC2C-F38684BD3384}
		{B541D955-8874-3307-8D56-CAFFB9E0256D} = {B541D955-8874-3307-8D56-CAFFB9E0256D}
		{398A6660-A291-3A71-9F43-D1F378B5F274} = {398A6660-A291-3A71-9F43-D1F378B5F274}
		{0C8327FA-E0D5-394A-BE4E-72B6CBB28434} = {0C8327FA-E0D5-394A-BE4E-72B6CBB28434}
		{89826F8E-3170-3945-A080-DB254DAE911B} = {89826F8E-3170-3945-A080-DB254DAE911B}
		{95622263-79A5-3276-BC46-E5ACFEA9004E} = {95622263-79A5-3276-BC46-E5ACFEA9004E}
		{5686E016-8B47-3559-8F62-5D71BA8B2E81} = {5686E016-8B47-3559-8F62-5D71BA8B2E81}
		{FB032D93-05CD-3C5A-BC7E-CCE2EE47A98A} = {FB032D93-05CD-3C5A-BC7E-CCE2EE47A98A}
		{3F0CC2E8-6CBE-3298-819C-F3AF533D6CD5} = {3F0CC2E8-6CBE-3298-819C-F3AF533D6CD5}
		{53D31EC0-0C42-325A-A521-620CA5439A48} = {53D31EC0-0C42-325A-A521-620CA5439A48}
		{98D30B26-AB4D-3746-A248-BB48DAC5C6B2} = {98D30B26-AB4D-3746-A248-BB48DAC5C6B2}
		{507665B0-4E9B-31E8-A802-2025E9A5EB86} = {507665B0-4E9B-31E8-A802-2025E9A5EB86}
		{61044A3C-18E8-3C25-B3F0-FA6BFBAB412F} = {61044A3C-18E8-3C25-B3F0-FA6BFBAB412F}
		{726D7C51-B542-3BFE-B043-FE3F6370735E} = {726D7C51-B542-3BFE-B043-FE3F6370735E}
		{01F32683-09E8-38A4-BCCB-95EDFC4D0B14} = {01F32683-09E8-38A4-BCCB-95EDFC4D0B14}
		{424890CB-71E7-3616-AE2B-7F39F32B5BAF} = {424890CB-71E7-3616-AE2B-7F39F32B5BAF}
		{DF3BFA6F-2E98-3BD4-B5A4-CB6B86D451D3} = {DF3BFA6F-2E98-3BD4-B5A4-CB6B86D451D3}
		{5B2C71F2-9D64-3F6C-8EE9-7E5E89109D31} = {5B2C71F2-9D64-3F6C-8EE9-7E5E89109D31}
		{F3E47AB4-4E18-3B7B-950A-BD1EEEF8BC2F} = {F3E47AB4-4E18-3B7B-950A-BD1EEEF8BC2F}
	EndProjectSection
EndProject
Project("{8BC9CEB8-8B4A-11D0-8D11-00A0C91BC942}") = "ALL_BUILD", "ALL_BUILD.vcxproj", "{29979B95-1FDB-3E5F-9738-68C7F44A2C86}"
	ProjectSection(ProjectDependencies) = postProject
		{26F0E933-CFB4-3A20-8ED3-AC1920C06FD7} = {26F0E933-CFB4-3A20-8ED3-AC1920C06FD7}
		{9C247918-7C3D-3073-AB9C-5622FE269B36} = {9C247918-7C3D-3073-AB9C-5622FE269B36}
		{FA9635B7-FB58-3F7C-A9E9-A0F6D73BEC13} = {FA9635B7-FB58-3F7C-A9E9-A0F6D73BEC13}
		{0C8327FA-E0D5-394A-BE4E-72B6CBB28434} = {0C8327FA-E0D5-394A-BE4E-72B6CBB28434}
		{95622263-79A5-3276-BC46-E5ACFEA9004E} = {95622263-79A5-3276-BC46-E5ACFEA9004E}
		{98D30B26-AB4D-3746-A248-BB48DAC5C6B2} = {98D30B26-AB4D-3746-A248-BB48DAC5C6B2}
		{726D7C51-B542-3BFE-B043-FE3F6370735E} = {726D7C51-B542-3BFE-B043-FE3F6370735E}
		{E9570DCE-B6E4-325D-A71E-CAEA477FBA97} = {E9570DCE-B6E4-325D-A71E-CAEA477FBA97}
		{FB0B877E-A4E3-3FB7-A32A-91B44412E42C} = {FB0B877E-A4E3-3FB7-A32A-91B44412E42C}
		{6C1DA03B-C8E2-3AD2-AA7A-245365EB3117} = {6C1DA03B-C8E2-3AD2-AA7A-245365EB3117}
	EndProjectSection
EndProject
Project("{8BC9CEB8-8B4A-11D0-8D11-00A0C91BC942}") = "INSTALL", "INSTALL.vcxproj", "{E22E0A34-03D0-395A-BA58-FB05575590D0}"
	ProjectSection(ProjectDependencies) = postProject
		{29979B95-1FDB-3E5F-9738-68C7F44A2C86} = {29979B95-1FDB-3E5F-9738-68C7F44A2C86}
		{26F0E933-CFB4-3A20-8ED3-AC1920C06FD7} = {26F0E933-CFB4-3A20-8ED3-AC1920C06FD7}
	EndProjectSection
EndProject
Project("{8BC9CEB8-8B4A-11D0-8D11-00A0C91BC942}") = "VulkanUtilityHeaders", "externals\Vulkan-Utility-Libraries\include\VulkanUtilityHeaders.vcxproj", "{31E6D7FF-9ADF-3349-849A-F6078A9360CD}"
	ProjectSection(ProjectDependencies) = postProject
		{26F0E933-CFB4-3A20-8ED3-AC1920C06FD7} = {26F0E933-CFB4-3A20-8ED3-AC1920C06FD7}
	EndProjectSection
EndProject
Project("{8BC9CEB8-8B4A-11D0-8D11-00A0C91BC942}") = "ZERO_CHECK", "ZERO_CHECK.vcxproj", "{26F0E933-CFB4-3A20-8ED3-AC1920C06FD7}"
	ProjectSection(ProjectDependencies) = postProject
	EndProjectSection
EndProject
Project("{8BC9CEB8-8B4A-11D0-8D11-00A0C91BC942}") = "Zycore", "externals\dynarmic\externals\zydis\zycore\Zycore.vcxproj", "{2A2812E2-22C7-3686-AA10-A8FBA9231DD4}"
	ProjectSection(ProjectDependencies) = postProject
		{26F0E933-CFB4-3A20-8ED3-AC1920C06FD7} = {26F0E933-CFB4-3A20-8ED3-AC1920C06FD7}
	EndProjectSection
EndProject
Project("{8BC9CEB8-8B4A-11D0-8D11-00A0C91BC942}") = "Zydis", "externals\dynarmic\externals\zydis\Zydis.vcxproj", "{5A1ABF7C-8DAF-3D00-8152-C1862E0C93A7}"
	ProjectSection(ProjectDependencies) = postProject
		{26F0E933-CFB4-3A20-8ED3-AC1920C06FD7} = {26F0E933-CFB4-3A20-8ED3-AC1920C06FD7}
		{2A2812E2-22C7-3686-AA10-A8FBA9231DD4} = {2A2812E2-22C7-3686-AA10-A8FBA9231DD4}
	EndProjectSection
EndProject
Project("{8BC9CEB8-8B4A-11D0-8D11-00A0C91BC942}") = "audio_core", "src\audio_core\audio_core.vcxproj", "{557EDFBC-1F54-3331-B77C-DF5E62E6D7AA}"
	ProjectSection(ProjectDependencies) = postProject
		{AE753315-CB89-3E76-8629-E8BABDFDC209} = {AE753315-CB89-3E76-8629-E8BABDFDC209}
	EndProjectSection
EndProject
Project("{8BC9CEB8-8B4A-11D0-8D11-00A0C91BC942}") = "bc_decoder", "externals\bc_decoder.vcxproj", "{952E54FE-8942-32D5-9065-D6B2AEB3D7C9}"
	ProjectSection(ProjectDependencies) = postProject
		{26F0E933-CFB4-3A20-8ED3-AC1920C06FD7} = {26F0E933-CFB4-3A20-8ED3-AC1920C06FD7}
	EndProjectSection
EndProject
Project("{8BC9CEB8-8B4A-11D0-8D11-00A0C91BC942}") = "clang-format", "clang-format.vcxproj", "{4DE94DD1-26EC-399E-B526-8CA29D36C728}"
	ProjectSection(ProjectDependencies) = postProject
		{26F0E933-CFB4-3A20-8ED3-AC1920C06FD7} = {26F0E933-CFB4-3A20-8ED3-AC1920C06FD7}
	EndProjectSection
EndProject
Project("{8BC9CEB8-8B4A-11D0-8D11-00A0C91BC942}") = "common", "src\common\common.vcxproj", "{9C247918-7C3D-3073-AB9C-5622FE269B36}"
	ProjectSection(ProjectDependencies) = postProject
		{26F0E933-CFB4-3A20-8ED3-AC1920C06FD7} = {26F0E933-CFB4-3A20-8ED3-AC1920C06FD7}
		{177D64BA-81AB-3CC2-AC2C-F38684BD3384} = {177D64BA-81AB-3CC2-AC2C-F38684BD3384}
		{DF3BFA6F-2E98-3BD4-B5A4-CB6B86D451D3} = {DF3BFA6F-2E98-3BD4-B5A4-CB6B86D451D3}
	EndProjectSection
EndProject
Project("{8BC9CEB8-8B4A-11D0-8D11-00A0C91BC942}") = "core", "src\core\core.vcxproj", "{FA9635B7-FB58-3F7C-A9E9-A0F6D73BEC13}"
	ProjectSection(ProjectDependencies) = postProject
		{557EDFBC-1F54-3331-B77C-DF5E62E6D7AA} = {557EDFBC-1F54-3331-B77C-DF5E62E6D7AA}
	EndProjectSection
EndProject
Project("{8BC9CEB8-8B4A-11D0-8D11-00A0C91BC942}") = "cubeb", "externals\cubeb\cubeb.vcxproj", "{72F2BDAD-4A90-3F9A-9861-651E72A4400A}"
	ProjectSection(ProjectDependencies) = postProject
		{26F0E933-CFB4-3A20-8ED3-AC1920C06FD7} = {26F0E933-CFB4-3A20-8ED3-AC1920C06FD7}
		{424890CB-71E7-3616-AE2B-7F39F32B5BAF} = {424890CB-71E7-3616-AE2B-7F39F32B5BAF}
	EndProjectSection
EndProject
Project("{8BC9CEB8-8B4A-11D0-8D11-00A0C91BC942}") = "demangle", "externals\demangle.vcxproj", "{177D64BA-81AB-3CC2-AC2C-F38684BD3384}"
	ProjectSection(ProjectDependencies) = postProject
		{26F0E933-CFB4-3A20-8ED3-AC1920C06FD7} = {26F0E933-CFB4-3A20-8ED3-AC1920C06FD7}
	EndProjectSection
EndProject
Project("{8BC9CEB8-8B4A-11D0-8D11-00A0C91BC942}") = "dynarmic", "externals\dynarmic\src\dynarmic\dynarmic.vcxproj", "{B541D955-8874-3307-8D56-CAFFB9E0256D}"
	ProjectSection(ProjectDependencies) = postProject
		{26F0E933-CFB4-3A20-8ED3-AC1920C06FD7} = {26F0E933-CFB4-3A20-8ED3-AC1920C06FD7}
		{2A2812E2-22C7-3686-AA10-A8FBA9231DD4} = {2A2812E2-22C7-3686-AA10-A8FBA9231DD4}
		{5A1ABF7C-8DAF-3D00-8152-C1862E0C93A7} = {5A1ABF7C-8DAF-3D00-8152-C1862E0C93A7}
		{53D31EC0-0C42-325A-A521-620CA5439A48} = {53D31EC0-0C42-325A-A521-620CA5439A48}
	EndProjectSection
EndProject
Project("{8BC9CEB8-8B4A-11D0-8D11-00A0C91BC942}") = "enet", "externals\enet\enet.vcxproj", "{398A6660-A291-3A71-9F43-D1F378B5F274}"
	ProjectSection(ProjectDependencies) = postProject
		{26F0E933-CFB4-3A20-8ED3-AC1920C06FD7} = {26F0E933-CFB4-3A20-8ED3-AC1920C06FD7}
	EndProjectSection
EndProject
Project("{8BC9CEB8-8B4A-11D0-8D11-00A0C91BC942}") = "frontend_common", "src\frontend_common\frontend_common.vcxproj", "{0C8327FA-E0D5-394A-BE4E-72B6CBB28434}"
	ProjectSection(ProjectDependencies) = postProject
		{31E6D7FF-9ADF-3349-849A-F6078A9360CD} = {31E6D7FF-9ADF-3349-849A-F6078A9360CD}
		{26F0E933-CFB4-3A20-8ED3-AC1920C06FD7} = {26F0E933-CFB4-3A20-8ED3-AC1920C06FD7}
		{2A2812E2-22C7-3686-AA10-A8FBA9231DD4} = {2A2812E2-22C7-3686-AA10-A8FBA9231DD4}
		{5A1ABF7C-8DAF-3D00-8152-C1862E0C93A7} = {5A1ABF7C-8DAF-3D00-8152-C1862E0C93A7}
		{952E54FE-8942-32D5-9065-D6B2AEB3D7C9} = {952E54FE-8942-32D5-9065-D6B2AEB3D7C9}
		{9C247918-7C3D-3073-AB9C-5622FE269B36} = {9C247918-7C3D-3073-AB9C-5622FE269B36}
		{FA9635B7-FB58-3F7C-A9E9-A0F6D73BEC13} = {FA9635B7-FB58-3F7C-A9E9-A0F6D73BEC13}
		{72F2BDAD-4A90-3F9A-9861-651E72A4400A} = {72F2BDAD-4A90-3F9A-9861-651E72A4400A}
		{177D64BA-81AB-3CC2-AC2C-F38684BD3384} = {177D64BA-81AB-3CC2-AC2C-F38684BD3384}
		{B541D955-8874-3307-8D56-CAFFB9E0256D} = {B541D955-8874-3307-8D56-CAFFB9E0256D}
		{398A6660-A291-3A71-9F43-D1F378B5F274} = {398A6660-A291-3A71-9F43-D1F378B5F274}
		{89826F8E-3170-3945-A080-DB254DAE911B} = {89826F8E-3170-3945-A080-DB254DAE911B}
		{5686E016-8B47-3559-8F62-5D71BA8B2E81} = {5686E016-8B47-3559-8F62-5D71BA8B2E81}
		{FB032D93-05CD-3C5A-BC7E-CCE2EE47A98A} = {FB032D93-05CD-3C5A-BC7E-CCE2EE47A98A}
		{3F0CC2E8-6CBE-3298-819C-F3AF533D6CD5} = {3F0CC2E8-6CBE-3298-819C-F3AF533D6CD5}
		{53D31EC0-0C42-325A-A521-620CA5439A48} = {53D31EC0-0C42-325A-A521-620CA5439A48}
		{98D30B26-AB4D-3746-A248-BB48DAC5C6B2} = {98D30B26-AB4D-3746-A248-BB48DAC5C6B2}
		{507665B0-4E9B-31E8-A802-2025E9A5EB86} = {507665B0-4E9B-31E8-A802-2025E9A5EB86}
		{61044A3C-18E8-3C25-B3F0-FA6BFBAB412F} = {61044A3C-18E8-3C25-B3F0-FA6BFBAB412F}
		{726D7C51-B542-3BFE-B043-FE3F6370735E} = {726D7C51-B542-3BFE-B043-FE3F6370735E}
		{01F32683-09E8-38A4-BCCB-95EDFC4D0B14} = {01F32683-09E8-38A4-BCCB-95EDFC4D0B14}
		{424890CB-71E7-3616-AE2B-7F39F32B5BAF} = {424890CB-71E7-3616-AE2B-7F39F32B5BAF}
		{DF3BFA6F-2E98-3BD4-B5A4-CB6B86D451D3} = {DF3BFA6F-2E98-3BD4-B5A4-CB6B86D451D3}
		{5B2C71F2-9D64-3F6C-8EE9-7E5E89109D31} = {5B2C71F2-9D64-3F6C-8EE9-7E5E89109D31}
	EndProjectSection
EndProject
Project("{8BC9CEB8-8B4A-11D0-8D11-00A0C91BC942}") = "getopt", "externals\getopt\getopt.vcxproj", "{A3EF32DF-A0C5-389F-A1C7-796D0C340E6F}"
	ProjectSection(ProjectDependencies) = postProject
		{26F0E933-CFB4-3A20-8ED3-AC1920C06FD7} = {26F0E933-CFB4-3A20-8ED3-AC1920C06FD7}
	EndProjectSection
EndProject
Project("{8BC9CEB8-8B4A-11D0-8D11-00A0C91BC942}") = "glad", "externals\glad\glad.vcxproj", "{89826F8E-3170-3945-A080-DB254DAE911B}"
	ProjectSection(ProjectDependencies) = postProject
		{26F0E933-CFB4-3A20-8ED3-AC1920C06FD7} = {26F0E933-CFB4-3A20-8ED3-AC1920C06FD7}
	EndProjectSection
EndProject
Project("{8BC9CEB8-8B4A-11D0-8D11-00A0C91BC942}") = "hid_core", "src\hid_core\hid_core.vcxproj", "{50D13396-CAFD-33B7-9EAC-655F3E75C0D1}"
	ProjectSection(ProjectDependencies) = postProject
		{31E6D7FF-9ADF-3349-849A-F6078A9360CD} = {31E6D7FF-9ADF-3349-849A-F6078A9360CD}
		{26F0E933-CFB4-3A20-8ED3-AC1920C06FD7} = {26F0E933-CFB4-3A20-8ED3-AC1920C06FD7}
		{2A2812E2-22C7-3686-AA10-A8FBA9231DD4} = {2A2812E2-22C7-3686-AA10-A8FBA9231DD4}
		{5A1ABF7C-8DAF-3D00-8152-C1862E0C93A7} = {5A1ABF7C-8DAF-3D00-8152-C1862E0C93A7}
		{952E54FE-8942-32D5-9065-D6B2AEB3D7C9} = {952E54FE-8942-32D5-9065-D6B2AEB3D7C9}
		{9C247918-7C3D-3073-AB9C-5622FE269B36} = {9C247918-7C3D-3073-AB9C-5622FE269B36}
		{72F2BDAD-4A90-3F9A-9861-651E72A4400A} = {72F2BDAD-4A90-3F9A-9861-651E72A4400A}
		{177D64BA-81AB-3CC2-AC2C-F38684BD3384} = {177D64BA-81AB-3CC2-AC2C-F38684BD3384}
		{B541D955-8874-3307-8D56-CAFFB9E0256D} = {B541D955-8874-3307-8D56-CAFFB9E0256D}
		{398A6660-A291-3A71-9F43-D1F378B5F274} = {398A6660-A291-3A71-9F43-D1F378B5F274}
		{89826F8E-3170-3945-A080-DB254DAE911B} = {89826F8E-3170-3945-A080-DB254DAE911B}
		{D95A88D7-E0A6-36A6-9F65-EB871EEEBEDD} = {D95A88D7-E0A6-36A6-9F65-EB871EEEBEDD}
		{5686E016-8B47-3559-8F62-5D71BA8B2E81} = {5686E016-8B47-3559-8F62-5D71BA8B2E81}
		{FB032D93-05CD-3C5A-BC7E-CCE2EE47A98A} = {FB032D93-05CD-3C5A-BC7E-CCE2EE47A98A}
		{3F0CC2E8-6CBE-3298-819C-F3AF533D6CD5} = {3F0CC2E8-6CBE-3298-819C-F3AF533D6CD5}
		{53D31EC0-0C42-325A-A521-620CA5439A48} = {53D31EC0-0C42-325A-A521-620CA5439A48}
		{98D30B26-AB4D-3746-A248-BB48DAC5C6B2} = {98D30B26-AB4D-3746-A248-BB48DAC5C6B2}
		{507665B0-4E9B-31E8-A802-2025E9A5EB86} = {507665B0-4E9B-31E8-A802-2025E9A5EB86}
		{61044A3C-18E8-3C25-B3F0-FA6BFBAB412F} = {61044A3C-18E8-3C25-B3F0-FA6BFBAB412F}
		{726D7C51-B542-3BFE-B043-FE3F6370735E} = {726D7C51-B542-3BFE-B043-FE3F6370735E}
		{01F32683-09E8-38A4-BCCB-95EDFC4D0B14} = {01F32683-09E8-38A4-BCCB-95EDFC4D0B14}
		{424890CB-71E7-3616-AE2B-7F39F32B5BAF} = {424890CB-71E7-3616-AE2B-7F39F32B5BAF}
		{DF3BFA6F-2E98-3BD4-B5A4-CB6B86D451D3} = {DF3BFA6F-2E98-3BD4-B5A4-CB6B86D451D3}
		{5B2C71F2-9D64-3F6C-8EE9-7E5E89109D31} = {5B2C71F2-9D64-3F6C-8EE9-7E5E89109D31}
	EndProjectSection
EndProject
Project("{8BC9CEB8-8B4A-11D0-8D11-00A0C91BC942}") = "host_shaders", "src\video_core\host_shaders\host_shaders.vcxproj", "{D95A88D7-E0A6-36A6-9F65-EB871EEEBEDD}"
	ProjectSection(ProjectDependencies) = postProject
		{26F0E933-CFB4-3A20-8ED3-AC1920C06FD7} = {26F0E933-CFB4-3A20-8ED3-AC1920C06FD7}
	EndProjectSection
EndProject
Project("{8BC9CEB8-8B4A-11D0-8D11-00A0C91BC942}") = "input_common", "src\input_common\input_common.vcxproj", "{95622263-79A5-3276-BC46-E5ACFEA9004E}"
	ProjectSection(ProjectDependencies) = postProject
		{31E6D7FF-9ADF-3349-849A-F6078A9360CD} = {31E6D7FF-9ADF-3349-849A-F6078A9360CD}
		{26F0E933-CFB4-3A20-8ED3-AC1920C06FD7} = {26F0E933-CFB4-3A20-8ED3-AC1920C06FD7}
		{2A2812E2-22C7-3686-AA10-A8FBA9231DD4} = {2A2812E2-22C7-3686-AA10-A8FBA9231DD4}
		{5A1ABF7C-8DAF-3D00-8152-C1862E0C93A7} = {5A1ABF7C-8DAF-3D00-8152-C1862E0C93A7}
		{952E54FE-8942-32D5-9065-D6B2AEB3D7C9} = {952E54FE-8942-32D5-9065-D6B2AEB3D7C9}
		{9C247918-7C3D-3073-AB9C-5622FE269B36} = {9C247918-7C3D-3073-AB9C-5622FE269B36}
		{FA9635B7-FB58-3F7C-A9E9-A0F6D73BEC13} = {FA9635B7-FB58-3F7C-A9E9-A0F6D73BEC13}
		{72F2BDAD-4A90-3F9A-9861-651E72A4400A} = {72F2BDAD-4A90-3F9A-9861-651E72A4400A}
		{177D64BA-81AB-3CC2-AC2C-F38684BD3384} = {177D64BA-81AB-3CC2-AC2C-F38684BD3384}
		{B541D955-8874-3307-8D56-CAFFB9E0256D} = {B541D955-8874-3307-8D56-CAFFB9E0256D}
		{398A6660-A291-3A71-9F43-D1F378B5F274} = {398A6660-A291-3A71-9F43-D1F378B5F274}
		{89826F8E-3170-3945-A080-DB254DAE911B} = {89826F8E-3170-3945-A080-DB254DAE911B}
		{5686E016-8B47-3559-8F62-5D71BA8B2E81} = {5686E016-8B47-3559-8F62-5D71BA8B2E81}
		{FB032D93-05CD-3C5A-BC7E-CCE2EE47A98A} = {FB032D93-05CD-3C5A-BC7E-CCE2EE47A98A}
		{3F0CC2E8-6CBE-3298-819C-F3AF533D6CD5} = {3F0CC2E8-6CBE-3298-819C-F3AF533D6CD5}
		{53D31EC0-0C42-325A-A521-620CA5439A48} = {53D31EC0-0C42-325A-A521-620CA5439A48}
		{98D30B26-AB4D-3746-A248-BB48DAC5C6B2} = {98D30B26-AB4D-3746-A248-BB48DAC5C6B2}
		{507665B0-4E9B-31E8-A802-2025E9A5EB86} = {507665B0-4E9B-31E8-A802-2025E9A5EB86}
		{61044A3C-18E8-3C25-B3F0-FA6BFBAB412F} = {61044A3C-18E8-3C25-B3F0-FA6BFBAB412F}
		{726D7C51-B542-3BFE-B043-FE3F6370735E} = {726D7C51-B542-3BFE-B043-FE3F6370735E}
		{01F32683-09E8-38A4-BCCB-95EDFC4D0B14} = {01F32683-09E8-38A4-BCCB-95EDFC4D0B14}
		{424890CB-71E7-3616-AE2B-7F39F32B5BAF} = {424890CB-71E7-3616-AE2B-7F39F32B5BAF}
		{DF3BFA6F-2E98-3BD4-B5A4-CB6B86D451D3} = {DF3BFA6F-2E98-3BD4-B5A4-CB6B86D451D3}
		{5B2C71F2-9D64-3F6C-8EE9-7E5E89109D31} = {5B2C71F2-9D64-3F6C-8EE9-7E5E89109D31}
		{F3E47AB4-4E18-3B7B-950A-BD1EEEF8BC2F} = {F3E47AB4-4E18-3B7B-950A-BD1EEEF8BC2F}
	EndProjectSection
EndProject
Project("{8BC9CEB8-8B4A-11D0-8D11-00A0C91BC942}") = "mbedcrypto", "externals\mbedtls\library\mbedcrypto.vcxproj", "{5686E016-8B47-3559-8F62-5D71BA8B2E81}"
	ProjectSection(ProjectDependencies) = postProject
		{26F0E933-CFB4-3A20-8ED3-AC1920C06FD7} = {26F0E933-CFB4-3A20-8ED3-AC1920C06FD7}
	EndProjectSection
EndProject
Project("{8BC9CEB8-8B4A-11D0-8D11-00A0C91BC942}") = "mbedtls", "externals\mbedtls\library\mbedtls.vcxproj", "{FB032D93-05CD-3C5A-BC7E-CCE2EE47A98A}"
	ProjectSection(ProjectDependencies) = postProject
		{26F0E933-CFB4-3A20-8ED3-AC1920C06FD7} = {26F0E933-CFB4-3A20-8ED3-AC1920C06FD7}
		{5686E016-8B47-3559-8F62-5D71BA8B2E81} = {5686E016-8B47-3559-8F62-5D71BA8B2E81}
		{3F0CC2E8-6CBE-3298-819C-F3AF533D6CD5} = {3F0CC2E8-6CBE-3298-819C-F3AF533D6CD5}
	EndProjectSection
EndProject
Project("{8BC9CEB8-8B4A-11D0-8D11-00A0C91BC942}") = "mbedx509", "externals\mbedtls\library\mbedx509.vcxproj", "{3F0CC2E8-6CBE-3298-819C-F3AF533D6CD5}"
	ProjectSection(ProjectDependencies) = postProject
		{26F0E933-CFB4-3A20-8ED3-AC1920C06FD7} = {26F0E933-CFB4-3A20-8ED3-AC1920C06FD7}
		{5686E016-8B47-3559-8F62-5D71BA8B2E81} = {5686E016-8B47-3559-8F62-5D71BA8B2E81}
	EndProjectSection
EndProject
Project("{8BC9CEB8-8B4A-11D0-8D11-00A0C91BC942}") = "mcl", "externals\dynarmic\externals\mcl\src\mcl.vcxproj", "{53D31EC0-0C42-325A-A521-620CA5439A48}"
	ProjectSection(ProjectDependencies) = postProject
		{26F0E933-CFB4-3A20-8ED3-AC1920C06FD7} = {26F0E933-CFB4-3A20-8ED3-AC1920C06FD7}
	EndProjectSection
EndProject
Project("{8BC9CEB8-8B4A-11D0-8D11-00A0C91BC942}") = "network", "src\network\network.vcxproj", "{98D30B26-AB4D-3746-A248-BB48DAC5C6B2}"
	ProjectSection(ProjectDependencies) = postProject
		{9EB59F05-7611-3F3A-8C51-DD0C6F02DE10} = {9EB59F05-7611-3F3A-8C51-DD0C6F02DE10}
	EndProjectSection
EndProject
Project("{8BC9CEB8-8B4A-11D0-8D11-00A0C91BC942}") = "nx_tzdb", "externals\nx_tzdb\nx_tzdb.vcxproj", "{507665B0-4E9B-31E8-A802-2025E9A5EB86}"
	ProjectSection(ProjectDependencies) = postProject
		{26F0E933-CFB4-3A20-8ED3-AC1920C06FD7} = {26F0E933-CFB4-3A20-8ED3-AC1920C06FD7}
	EndProjectSection
EndProject
Project("{8BC9CEB8-8B4A-11D0-8D11-00A0C91BC942}") = "opus", "externals\opus\opus.vcxproj", "{61044A3C-18E8-3C25-B3F0-FA6BFBAB412F}"
	ProjectSection(ProjectDependencies) = postProject
		{26F0E933-CFB4-3A20-8ED3-AC1920C06FD7} = {26F0E933-CFB4-3A20-8ED3-AC1920C06FD7}
	EndProjectSection
EndProject
Project("{8BC9CEB8-8B4A-11D0-8D11-00A0C91BC942}") = "shader_recompiler", "src\shader_recompiler\shader_recompiler.vcxproj", "{726D7C51-B542-3BFE-B043-FE3F6370735E}"
	ProjectSection(ProjectDependencies) = postProject
		{26F0E933-CFB4-3A20-8ED3-AC1920C06FD7} = {26F0E933-CFB4-3A20-8ED3-AC1920C06FD7}
		{9C247918-7C3D-3073-AB9C-5622FE269B36} = {9C247918-7C3D-3073-AB9C-5622FE269B36}
		{177D64BA-81AB-3CC2-AC2C-F38684BD3384} = {177D64BA-81AB-3CC2-AC2C-F38684BD3384}
		{01F32683-09E8-38A4-BCCB-95EDFC4D0B14} = {01F32683-09E8-38A4-BCCB-95EDFC4D0B14}
		{DF3BFA6F-2E98-3BD4-B5A4-CB6B86D451D3} = {DF3BFA6F-2E98-3BD4-B5A4-CB6B86D451D3}
	EndProjectSection
EndProject
Project("{8BC9CEB8-8B4A-11D0-8D11-00A0C91BC942}") = "sirit", "externals\sirit\src\sirit.vcxproj", "{01F32683-09E8-38A4-BCCB-95EDFC4D0B14}"
	ProjectSection(ProjectDependencies) = postProject
		{26F0E933-CFB4-3A20-8ED3-AC1920C06FD7} = {26F0E933-CFB4-3A20-8ED3-AC1920C06FD7}
	EndProjectSection
EndProject
Project("{8BC9CEB8-8B4A-11D0-8D11-00A0C91BC942}") = "speex", "externals\cubeb\speex.vcxproj", "{424890CB-71E7-3616-AE2B-7F39F32B5BAF}"
	ProjectSection(ProjectDependencies) = postProject
		{26F0E933-CFB4-3A20-8ED3-AC1920C06FD7} = {26F0E933-CFB4-3A20-8ED3-AC1920C06FD7}
	EndProjectSection
EndProject
Project("{8BC9CEB8-8B4A-11D0-8D11-00A0C91BC942}") = "stb", "externals\stb.vcxproj", "{DF3BFA6F-2E98-3BD4-B5A4-CB6B86D451D3}"
	ProjectSection(ProjectDependencies) = postProject
		{26F0E933-CFB4-3A20-8ED3-AC1920C06FD7} = {26F0E933-CFB4-3A20-8ED3-AC1920C06FD7}
	EndProjectSection
EndProject
Project("{8BC9CEB8-8B4A-11D0-8D11-00A0C91BC942}") = "tz", "externals\tz.vcxproj", "{5B2C71F2-9D64-3F6C-8EE9-7E5E89109D31}"
	ProjectSection(ProjectDependencies) = postProject
		{26F0E933-CFB4-3A20-8ED3-AC1920C06FD7} = {26F0E933-CFB4-3A20-8ED3-AC1920C06FD7}
	EndProjectSection
EndProject
Project("{8BC9CEB8-8B4A-11D0-8D11-00A0C91BC942}") = "usb", "externals\libusb\usb.vcxproj", "{F3E47AB4-4E18-3B7B-950A-BD1EEEF8BC2F}"
	ProjectSection(ProjectDependencies) = postProject
		{26F0E933-CFB4-3A20-8ED3-AC1920C06FD7} = {26F0E933-CFB4-3A20-8ED3-AC1920C06FD7}
	EndProjectSection
EndProject
Project("{8BC9CEB8-8B4A-11D0-8D11-00A0C91BC942}") = "video_core", "src\video_core\video_core.vcxproj", "{AE753315-CB89-3E76-8629-E8BABDFDC209}"
	ProjectSection(ProjectDependencies) = postProject
		{50D13396-CAFD-33B7-9EAC-655F3E75C0D1} = {50D13396-CAFD-33B7-9EAC-655F3E75C0D1}
	EndProjectSection
EndProject
Project("{8BC9CEB8-8B4A-11D0-8D11-00A0C91BC942}") = "web_service", "src\web_service\web_service.vcxproj", "{9EB59F05-7611-3F3A-8C51-DD0C6F02DE10}"
	ProjectSection(ProjectDependencies) = postProject
		{26F0E933-CFB4-3A20-8ED3-AC1920C06FD7} = {26F0E933-CFB4-3A20-8ED3-AC1920C06FD7}
		{9C247918-7C3D-3073-AB9C-5622FE269B36} = {9C247918-7C3D-3073-AB9C-5622FE269B36}
		{177D64BA-81AB-3CC2-AC2C-F38684BD3384} = {177D64BA-81AB-3CC2-AC2C-F38684BD3384}
		{398A6660-A291-3A71-9F43-D1F378B5F274} = {398A6660-A291-3A71-9F43-D1F378B5F274}
		{DF3BFA6F-2E98-3BD4-B5A4-CB6B86D451D3} = {DF3BFA6F-2E98-3BD4-B5A4-CB6B86D451D3}
	EndProjectSection
EndProject
Project("{8BC9CEB8-8B4A-11D0-8D11-00A0C91BC942}") = "yuzu-cmd", "src\yuzu_cmd\yuzu-cmd.vcxproj", "{FB0B877E-A4E3-3FB7-A32A-91B44412E42C}"
	ProjectSection(ProjectDependencies) = postProject
		{31E6D7FF-9ADF-3349-849A-F6078A9360CD} = {31E6D7FF-9ADF-3349-849A-F6078A9360CD}
		{26F0E933-CFB4-3A20-8ED3-AC1920C06FD7} = {26F0E933-CFB4-3A20-8ED3-AC1920C06FD7}
		{2A2812E2-22C7-3686-AA10-A8FBA9231DD4} = {2A2812E2-22C7-3686-AA10-A8FBA9231DD4}
		{5A1ABF7C-8DAF-3D00-8152-C1862E0C93A7} = {5A1ABF7C-8DAF-3D00-8152-C1862E0C93A7}
		{952E54FE-8942-32D5-9065-D6B2AEB3D7C9} = {952E54FE-8942-32D5-9065-D6B2AEB3D7C9}
		{9C247918-7C3D-3073-AB9C-5622FE269B36} = {9C247918-7C3D-3073-AB9C-5622FE269B36}
		{FA9635B7-FB58-3F7C-A9E9-A0F6D73BEC13} = {FA9635B7-FB58-3F7C-A9E9-A0F6D73BEC13}
		{72F2BDAD-4A90-3F9A-9861-651E72A4400A} = {72F2BDAD-4A90-3F9A-9861-651E72A4400A}
		{177D64BA-81AB-3CC2-AC2C-F38684BD3384} = {177D64BA-81AB-3CC2-AC2C-F38684BD3384}
		{B541D955-8874-3307-8D56-CAFFB9E0256D} = {B541D955-8874-3307-8D56-CAFFB9E0256D}
		{398A6660-A291-3A71-9F43-D1F378B5F274} = {398A6660-A291-3A71-9F43-D1F378B5F274}
		{0C8327FA-E0D5-394A-BE4E-72B6CBB28434} = {0C8327FA-E0D5-394A-BE4E-72B6CBB28434}
		{A3EF32DF-A0C5-389F-A1C7-796D0C340E6F} = {A3EF32DF-A0C5-389F-A1C7-796D0C340E6F}
		{89826F8E-3170-3945-A080-DB254DAE911B} = {89826F8E-3170-3945-A080-DB254DAE911B}
		{95622263-79A5-3276-BC46-E5ACFEA9004E} = {95622263-79A5-3276-BC46-E5ACFEA9004E}
		{5686E016-8B47-3559-8F62-5D71BA8B2E81} = {5686E016-8B47-3559-8F62-5D71BA8B2E81}
		{FB032D93-05CD-3C5A-BC7E-CCE2EE47A98A} = {FB032D93-05CD-3C5A-BC7E-CCE2EE47A98A}
		{3F0CC2E8-6CBE-3298-819C-F3AF533D6CD5} = {3F0CC2E8-6CBE-3298-819C-F3AF533D6CD5}
		{53D31EC0-0C42-325A-A521-620CA5439A48} = {53D31EC0-0C42-325A-A521-620CA5439A48}
		{98D30B26-AB4D-3746-A248-BB48DAC5C6B2} = {98D30B26-AB4D-3746-A248-BB48DAC5C6B2}
		{507665B0-4E9B-31E8-A802-2025E9A5EB86} = {507665B0-4E9B-31E8-A802-2025E9A5EB86}
		{61044A3C-18E8-3C25-B3F0-FA6BFBAB412F} = {61044A3C-18E8-3C25-B3F0-FA6BFBAB412F}
		{726D7C51-B542-3BFE-B043-FE3F6370735E} = {726D7C51-B542-3BFE-B043-FE3F6370735E}
		{01F32683-09E8-38A4-BCCB-95EDFC4D0B14} = {01F32683-09E8-38A4-BCCB-95EDFC4D0B14}
		{424890CB-71E7-3616-AE2B-7F39F32B5BAF} = {424890CB-71E7-3616-AE2B-7F39F32B5BAF}
		{DF3BFA6F-2E98-3BD4-B5A4-CB6B86D451D3} = {DF3BFA6F-2E98-3BD4-B5A4-CB6B86D451D3}
		{5B2C71F2-9D64-3F6C-8EE9-7E5E89109D31} = {5B2C71F2-9D64-3F6C-8EE9-7E5E89109D31}
		{F3E47AB4-4E18-3B7B-950A-BD1EEEF8BC2F} = {F3E47AB4-4E18-3B7B-950A-BD1EEEF8BC2F}
	EndProjectSection
EndProject
Project("{8BC9CEB8-8B4A-11D0-8D11-00A0C91BC942}") = "yuzu-room", "src\dedicated_room\yuzu-room.vcxproj", "{6C1DA03B-C8E2-3AD2-AA7A-245365EB3117}"
	ProjectSection(ProjectDependencies) = postProject
		{26F0E933-CFB4-3A20-8ED3-AC1920C06FD7} = {26F0E933-CFB4-3A20-8ED3-AC1920C06FD7}
		{9C247918-7C3D-3073-AB9C-5622FE269B36} = {9C247918-7C3D-3073-AB9C-5622FE269B36}
		{177D64BA-81AB-3CC2-AC2C-F38684BD3384} = {177D64BA-81AB-3CC2-AC2C-F38684BD3384}
		{398A6660-A291-3A71-9F43-D1F378B5F274} = {398A6660-A291-3A71-9F43-D1F378B5F274}
		{A3EF32DF-A0C5-389F-A1C7-796D0C340E6F} = {A3EF32DF-A0C5-389F-A1C7-796D0C340E6F}
		{5686E016-8B47-3559-8F62-5D71BA8B2E81} = {5686E016-8B47-3559-8F62-5D71BA8B2E81}
		{FB032D93-05CD-3C5A-BC7E-CCE2EE47A98A} = {FB032D93-05CD-3C5A-BC7E-CCE2EE47A98A}
		{3F0CC2E8-6CBE-3298-819C-F3AF533D6CD5} = {3F0CC2E8-6CBE-3298-819C-F3AF533D6CD5}
		{98D30B26-AB4D-3746-A248-BB48DAC5C6B2} = {98D30B26-AB4D-3746-A248-BB48DAC5C6B2}
		{DF3BFA6F-2E98-3BD4-B5A4-CB6B86D451D3} = {DF3BFA6F-2E98-3BD4-B5A4-CB6B86D451D3}
	EndProjectSection
EndProject
Global
	GlobalSection(SolutionConfigurationPlatforms) = preSolution
		Debug|x64 = Debug|x64
		Release|x64 = Release|x64
	EndGlobalSection
	GlobalSection(ProjectConfigurationPlatforms) = postSolution
		{E9570DCE-B6E4-325D-A71E-CAEA477FBA97}.Debug|x64.ActiveCfg = Debug|x64
		{E9570DCE-B6E4-325D-A71E-CAEA477FBA97}.Debug|x64.Build.0 = Debug|x64
		{E9570DCE-B6E4-325D-A71E-CAEA477FBA97}.Release|x64.ActiveCfg = Release|x64
		{E9570DCE-B6E4-325D-A71E-CAEA477FBA97}.Release|x64.Build.0 = Release|x64
		{29979B95-1FDB-3E5F-9738-68C7F44A2C86}.Debug|x64.ActiveCfg = Debug|x64
		{29979B95-1FDB-3E5F-9738-68C7F44A2C86}.Debug|x64.Build.0 = Debug|x64
		{29979B95-1FDB-3E5F-9738-68C7F44A2C86}.Release|x64.ActiveCfg = Release|x64
		{29979B95-1FDB-3E5F-9738-68C7F44A2C86}.Release|x64.Build.0 = Release|x64
		{E22E0A34-03D0-395A-BA58-FB05575590D0}.Debug|x64.ActiveCfg = Debug|x64
		{E22E0A34-03D0-395A-BA58-FB05575590D0}.Release|x64.ActiveCfg = Release|x64
		{31E6D7FF-9ADF-3349-849A-F6078A9360CD}.Debug|x64.ActiveCfg = Debug|x64
		{31E6D7FF-9ADF-3349-849A-F6078A9360CD}.Debug|x64.Build.0 = Debug|x64
		{31E6D7FF-9ADF-3349-849A-F6078A9360CD}.Release|x64.ActiveCfg = Release|x64
		{31E6D7FF-9ADF-3349-849A-F6078A9360CD}.Release|x64.Build.0 = Release|x64
		{26F0E933-CFB4-3A20-8ED3-AC1920C06FD7}.Debug|x64.ActiveCfg = Debug|x64
		{26F0E933-CFB4-3A20-8ED3-AC1920C06FD7}.Debug|x64.Build.0 = Debug|x64
		{26F0E933-CFB4-3A20-8ED3-AC1920C06FD7}.Release|x64.ActiveCfg = Release|x64
		{26F0E933-CFB4-3A20-8ED3-AC1920C06FD7}.Release|x64.Build.0 = Release|x64
		{2A2812E2-22C7-3686-AA10-A8FBA9231DD4}.Debug|x64.ActiveCfg = Debug|x64
		{2A2812E2-22C7-3686-AA10-A8FBA9231DD4}.Debug|x64.Build.0 = Debug|x64
		{2A2812E2-22C7-3686-AA10-A8FBA9231DD4}.Release|x64.ActiveCfg = Release|x64
		{2A2812E2-22C7-3686-AA10-A8FBA9231DD4}.Release|x64.Build.0 = Release|x64
		{5A1ABF7C-8DAF-3D00-8152-C1862E0C93A7}.Debug|x64.ActiveCfg = Debug|x64
		{5A1ABF7C-8DAF-3D00-8152-C1862E0C93A7}.Debug|x64.Build.0 = Debug|x64
		{5A1ABF7C-8DAF-3D00-8152-C1862E0C93A7}.Release|x64.ActiveCfg = Release|x64
		{5A1ABF7C-8DAF-3D00-8152-C1862E0C93A7}.Release|x64.Build.0 = Release|x64
		{557EDFBC-1F54-3331-B77C-DF5E62E6D7AA}.Debug|x64.ActiveCfg = Debug|x64
		{557EDFBC-1F54-3331-B77C-DF5E62E6D7AA}.Debug|x64.Build.0 = Debug|x64
		{557EDFBC-1F54-3331-B77C-DF5E62E6D7AA}.Release|x64.ActiveCfg = Release|x64
		{557EDFBC-1F54-3331-B77C-DF5E62E6D7AA}.Release|x64.Build.0 = Release|x64
		{952E54FE-8942-32D5-9065-D6B2AEB3D7C9}.Debug|x64.ActiveCfg = Debug|x64
		{952E54FE-8942-32D5-9065-D6B2AEB3D7C9}.Debug|x64.Build.0 = Debug|x64
		{952E54FE-8942-32D5-9065-D6B2AEB3D7C9}.Release|x64.ActiveCfg = Release|x64
		{952E54FE-8942-32D5-9065-D6B2AEB3D7C9}.Release|x64.Build.0 = Release|x64
		{4DE94DD1-26EC-399E-B526-8CA29D36C728}.Debug|x64.ActiveCfg = Debug|x64
		{4DE94DD1-26EC-399E-B526-8CA29D36C728}.Release|x64.ActiveCfg = Release|x64
		{9C247918-7C3D-3073-AB9C-5622FE269B36}.Debug|x64.ActiveCfg = Debug|x64
		{9C247918-7C3D-3073-AB9C-5622FE269B36}.Debug|x64.Build.0 = Debug|x64
		{9C247918-7C3D-3073-AB9C-5622FE269B36}.Release|x64.ActiveCfg = Release|x64
		{9C247918-7C3D-3073-AB9C-5622FE269B36}.Release|x64.Build.0 = Release|x64
		{FA9635B7-FB58-3F7C-A9E9-A0F6D73BEC13}.Debug|x64.ActiveCfg = Debug|x64
		{FA9635B7-FB58-3F7C-A9E9-A0F6D73BEC13}.Debug|x64.Build.0 = Debug|x64
		{FA9635B7-FB58-3F7C-A9E9-A0F6D73BEC13}.Release|x64.ActiveCfg = Release|x64
		{FA9635B7-FB58-3F7C-A9E9-A0F6D73BEC13}.Release|x64.Build.0 = Release|x64
		{72F2BDAD-4A90-3F9A-9861-651E72A4400A}.Debug|x64.ActiveCfg = Debug|x64
		{72F2BDAD-4A90-3F9A-9861-651E72A4400A}.Debug|x64.Build.0 = Debug|x64
		{72F2BDAD-4A90-3F9A-9861-651E72A4400A}.Release|x64.ActiveCfg = Release|x64
		{72F2BDAD-4A90-3F9A-9861-651E72A4400A}.Release|x64.Build.0 = Release|x64
		{177D64BA-81AB-3CC2-AC2C-F38684BD3384}.Debug|x64.ActiveCfg = Debug|x64
		{177D64BA-81AB-3CC2-AC2C-F38684BD3384}.Debug|x64.Build.0 = Debug|x64
		{177D64BA-81AB-3CC2-AC2C-F38684BD3384}.Release|x64.ActiveCfg = Release|x64
		{177D64BA-81AB-3CC2-AC2C-F38684BD3384}.Release|x64.Build.0 = Release|x64
		{B541D955-8874-3307-8D56-CAFFB9E0256D}.Debug|x64.ActiveCfg = Debug|x64
		{B541D955-8874-3307-8D56-CAFFB9E0256D}.Debug|x64.Build.0 = Debug|x64
		{B541D955-8874-3307-8D56-CAFFB9E0256D}.Release|x64.ActiveCfg = Release|x64
		{B541D955-8874-3307-8D56-CAFFB9E0256D}.Release|x64.Build.0 = Release|x64
		{398A6660-A291-3A71-9F43-D1F378B5F274}.Debug|x64.ActiveCfg = Debug|x64
		{398A6660-A291-3A71-9F43-D1F378B5F274}.Debug|x64.Build.0 = Debug|x64
		{398A6660-A291-3A71-9F43-D1F378B5F274}.Release|x64.ActiveCfg = Release|x64
		{398A6660-A291-3A71-9F43-D1F378B5F274}.Release|x64.Build.0 = Release|x64
		{0C8327FA-E0D5-394A-BE4E-72B6CBB28434}.Debug|x64.ActiveCfg = Debug|x64
		{0C8327FA-E0D5-394A-BE4E-72B6CBB28434}.Debug|x64.Build.0 = Debug|x64
		{0C8327FA-E0D5-394A-BE4E-72B6CBB28434}.Release|x64.ActiveCfg = Release|x64
		{0C8327FA-E0D5-394A-BE4E-72B6CBB28434}.Release|x64.Build.0 = Release|x64
		{A3EF32DF-A0C5-389F-A1C7-796D0C340E6F}.Debug|x64.ActiveCfg = Debug|x64
		{A3EF32DF-A0C5-389F-A1C7-796D0C340E6F}.Debug|x64.Build.0 = Debug|x64
		{A3EF32DF-A0C5-389F-A1C7-796D0C340E6F}.Release|x64.ActiveCfg = Release|x64
		{A3EF32DF-A0C5-389F-A1C7-796D0C340E6F}.Release|x64.Build.0 = Release|x64
		{89826F8E-3170-3945-A080-DB254DAE911B}.Debug|x64.ActiveCfg = Debug|x64
		{89826F8E-3170-3945-A080-DB254DAE911B}.Debug|x64.Build.0 = Debug|x64
		{89826F8E-3170-3945-A080-DB254DAE911B}.Release|x64.ActiveCfg = Release|x64
		{89826F8E-3170-3945-A080-DB254DAE911B}.Release|x64.Build.0 = Release|x64
		{50D13396-CAFD-33B7-9EAC-655F3E75C0D1}.Debug|x64.ActiveCfg = Debug|x64
		{50D13396-CAFD-33B7-9EAC-655F3E75C0D1}.Debug|x64.Build.0 = Debug|x64
		{50D13396-CAFD-33B7-9EAC-655F3E75C0D1}.Release|x64.ActiveCfg = Release|x64
		{50D13396-CAFD-33B7-9EAC-655F3E75C0D1}.Release|x64.Build.0 = Release|x64
		{D95A88D7-E0A6-36A6-9F65-EB871EEEBEDD}.Debug|x64.ActiveCfg = Debug|x64
		{D95A88D7-E0A6-36A6-9F65-EB871EEEBEDD}.Debug|x64.Build.0 = Debug|x64
		{D95A88D7-E0A6-36A6-9F65-EB871EEEBEDD}.Release|x64.ActiveCfg = Release|x64
		{D95A88D7-E0A6-36A6-9F65-EB871EEEBEDD}.Release|x64.Build.0 = Release|x64
		{95622263-79A5-3276-BC46-E5ACFEA9004E}.Debug|x64.ActiveCfg = Debug|x64
		{95622263-79A5-3276-BC46-E5ACFEA9004E}.Debug|x64.Build.0 = Debug|x64
		{95622263-79A5-3276-BC46-E5ACFEA9004E}.Release|x64.ActiveCfg = Release|x64
		{95622263-79A5-3276-BC46-E5ACFEA9004E}.Release|x64.Build.0 = Release|x64
		{5686E016-8B47-3559-8F62-5D71BA8B2E81}.Debug|x64.ActiveCfg = Debug|x64
		{5686E016-8B47-3559-8F62-5D71BA8B2E81}.Debug|x64.Build.0 = Debug|x64
		{5686E016-8B47-3559-8F62-5D71BA8B2E81}.Release|x64.ActiveCfg = Release|x64
		{5686E016-8B47-3559-8F62-5D71BA8B2E81}.Release|x64.Build.0 = Release|x64
		{FB032D93-05CD-3C5A-BC7E-CCE2EE47A98A}.Debug|x64.ActiveCfg = Debug|x64
		{FB032D93-05CD-3C5A-BC7E-CCE2EE47A98A}.Debug|x64.Build.0 = Debug|x64
		{FB032D93-05CD-3C5A-BC7E-CCE2EE47A98A}.Release|x64.ActiveCfg = Release|x64
		{FB032D93-05CD-3C5A-BC7E-CCE2EE47A98A}.Release|x64.Build.0 = Release|x64
		{3F0CC2E8-6CBE-3298-819C-F3AF533D6CD5}.Debug|x64.ActiveCfg = Debug|x64
		{3F0CC2E8-6CBE-3298-819C-F3AF533D6CD5}.Debug|x64.Build.0 = Debug|x64
		{3F0CC2E8-6CBE-3298-819C-F3AF533D6CD5}.Release|x64.ActiveCfg = Release|x64
		{3F0CC2E8-6CBE-3298-819C-F3AF533D6CD5}.Release|x64.Build.0 = Release|x64
		{53D31EC0-0C42-325A-A521-620CA5439A48}.Debug|x64.ActiveCfg = Debug|x64
		{53D31EC0-0C42-325A-A521-620CA5439A48}.Debug|x64.Build.0 = Debug|x64
		{53D31EC0-0C42-325A-A521-620CA5439A48}.Release|x64.ActiveCfg = Release|x64
		{53D31EC0-0C42-325A-A521-620CA5439A48}.Release|x64.Build.0 = Release|x64
		{98D30B26-AB4D-3746-A248-BB48DAC5C6B2}.Debug|x64.ActiveCfg = Debug|x64
		{98D30B26-AB4D-3746-A248-BB48DAC5C6B2}.Debug|x64.Build.0 = Debug|x64
		{98D30B26-AB4D-3746-A248-BB48DAC5C6B2}.Release|x64.ActiveCfg = Release|x64
		{98D30B26-AB4D-3746-A248-BB48DAC5C6B2}.Release|x64.Build.0 = Release|x64
		{507665B0-4E9B-31E8-A802-2025E9A5EB86}.Debug|x64.ActiveCfg = Debug|x64
		{507665B0-4E9B-31E8-A802-2025E9A5EB86}.Debug|x64.Build.0 = Debug|x64
		{507665B0-4E9B-31E8-A802-2025E9A5EB86}.Release|x64.ActiveCfg = Release|x64
		{507665B0-4E9B-31E8-A802-2025E9A5EB86}.Release|x64.Build.0 = Release|x64
		{61044A3C-18E8-3C25-B3F0-FA6BFBAB412F}.Debug|x64.ActiveCfg = Debug|x64
		{61044A3C-18E8-3C25-B3F0-FA6BFBAB412F}.Debug|x64.Build.0 = Debug|x64
		{61044A3C-18E8-3C25-B3F0-FA6BFBAB412F}.Release|x64.ActiveCfg = Release|x64
		{61044A3C-18E8-3C25-B3F0-FA6BFBAB412F}.Release|x64.Build.0 = Release|x64
		{726D7C51-B542-3BFE-B043-FE3F6370735E}.Debug|x64.ActiveCfg = Debug|x64
		{726D7C51-B542-3BFE-B043-FE3F6370735E}.Debug|x64.Build.0 = Debug|x64
		{726D7C51-B542-3BFE-B043-FE3F6370735E}.Release|x64.ActiveCfg = Release|x64
		{726D7C51-B542-3BFE-B043-FE3F6370735E}.Release|x64.Build.0 = Release|x64
		{01F32683-09E8-38A4-BCCB-95EDFC4D0B14}.Debug|x64.ActiveCfg = Debug|x64
		{01F32683-09E8-38A4-BCCB-95EDFC4D0B14}.Debug|x64.Build.0 = Debug|x64
		{01F32683-09E8-38A4-BCCB-95EDFC4D0B14}.Release|x64.ActiveCfg = Release|x64
		{01F32683-09E8-38A4-BCCB-95EDFC4D0B14}.Release|x64.Build.0 = Release|x64
		{424890CB-71E7-3616-AE2B-7F39F32B5BAF}.Debug|x64.ActiveCfg = Debug|x64
		{424890CB-71E7-3616-AE2B-7F39F32B5BAF}.Debug|x64.Build.0 = Debug|x64
		{424890CB-71E7-3616-AE2B-7F39F32B5BAF}.Release|x64.ActiveCfg = Release|x64
		{424890CB-71E7-3616-AE2B-7F39F32B5BAF}.Release|x64.Build.0 = Release|x64
		{DF3BFA6F-2E98-3BD4-B5A4-CB6B86D451D3}.Debug|x64.ActiveCfg = Debug|x64
		{DF3BFA6F-2E98-3BD4-B5A4-CB6B86D451D3}.Debug|x64.Build.0 = Debug|x64
		{DF3BFA6F-2E98-3BD4-B5A4-CB6B86D451D3}.Release|x64.ActiveCfg = Release|x64
		{DF3BFA6F-2E98-3BD4-B5A4-CB6B86D451D3}.Release|x64.Build.0 = Release|x64
		{5B2C71F2-9D64-3F6C-8EE9-7E5E89109D31}.Debug|x64.ActiveCfg = Debug|x64
		{5B2C71F2-9D64-3F6C-8EE9-7E5E89109D31}.Debug|x64.Build.0 = Debug|x64
		{5B2C71F2-9D64-3F6C-8EE9-7E5E89109D31}.Release|x64.ActiveCfg = Release|x64
		{5B2C71F2-9D64-3F6C-8EE9-7E5E89109D31}.Release|x64.Build.0 = Release|x64
		{F3E47AB4-4E18-3B7B-950A-BD1EEEF8BC2F}.Debug|x64.ActiveCfg = Debug|x64
		{F3E47AB4-4E18-3B7B-950A-BD1EEEF8BC2F}.Debug|x64.Build.0 = Debug|x64
		{F3E47AB4-4E18-3B7B-950A-BD1EEEF8BC2F}.Release|x64.ActiveCfg = Release|x64
		{F3E47AB4-4E18-3B7B-950A-BD1EEEF8BC2F}.Release|x64.Build.0 = Release|x64
		{AE753315-CB89-3E76-8629-E8BABDFDC209}.Debug|x64.ActiveCfg = Debug|x64
		{AE753315-CB89-3E76-8629-E8BABDFDC209}.Debug|x64.Build.0 = Debug|x64
		{AE753315-CB89-3E76-8629-E8BABDFDC209}.Release|x64.ActiveCfg = Release|x64
		{AE753315-CB89-3E76-8629-E8BABDFDC209}.Release|x64.Build.0 = Release|x64
		{9EB59F05-7611-3F3A-8C51-DD0C6F02DE10}.Debug|x64.ActiveCfg = Debug|x64
		{9EB59F05-7611-3F3A-8C51-DD0C6F02DE10}.Debug|x64.Build.0 = Debug|x64
		{9EB59F05-7611-3F3A-8C51-DD0C6F02DE10}.Release|x64.ActiveCfg = Release|x64
		{9EB59F05-7611-3F3A-8C51-DD0C6F02DE10}.Release|x64.Build.0 = Release|x64
		{FB0B877E-A4E3-3FB7-A32A-91B44412E42C}.Debug|x64.ActiveCfg = Debug|x64
		{FB0B877E-A4E3-3FB7-A32A-91B44412E42C}.Debug|x64.Build.0 = Debug|x64
		{FB0B877E-A4E3-3FB7-A32A-91B44412E42C}.Release|x64.ActiveCfg = Release|x64
		{FB0B877E-A4E3-3FB7-A32A-91B44412E42C}.Release|x64.Build.0 = Release|x64
		{6C1DA03B-C8E2-3AD2-AA7A-245365EB3117}.Debug|x64.ActiveCfg = Debug|x64
		{6C1DA03B-C8E2-3AD2-AA7A-245365EB3117}.Debug|x64.Build.0 = Debug|x64
		{6C1DA03B-C8E2-3AD2-AA7A-245365EB3117}.Release|x64.ActiveCfg = Release|x64
		{6C1DA03B-C8E2-3AD2-AA7A-245365EB3117}.Release|x64.Build.0 = Release|x64
	EndGlobalSection
	GlobalSection(NestedProjects) = preSolution
		{29979B95-1FDB-3E5F-9738-68C7F44A2C86} = {37C0FBCF-224B-384B-A0E9-96AE494809A5}
		{E22E0A34-03D0-395A-BA58-FB05575590D0} = {37C0FBCF-224B-384B-A0E9-96AE494809A5}
		{26F0E933-CFB4-3A20-8ED3-AC1920C06FD7} = {37C0FBCF-224B-384B-A0E9-96AE494809A5}
		{31E6D7FF-9ADF-3349-849A-F6078A9360CD} = {9BB6A6D2-0597-3328-961C-0F6F523FAE2F}
	EndGlobalSection
	GlobalSection(ExtensibilityGlobals) = postSolution
		SolutionGuid = {817EA406-F8EA-39F1-B148-2C75139287BD}
	EndGlobalSection
	GlobalSection(ExtensibilityAddIns) = postSolution
	EndGlobalSection
EndGlobal
