<?xml version="1.0" encoding="utf-8"?>
<Project ToolsVersion="17.0" xmlns="http://schemas.microsoft.com/developer/msbuild/2003">
  <ItemGroup>
    <ClCompile Include="F:\custom-build\Yuzu-1703\src\web_service\CMakeFiles\web_service.dir\cmake_pch.cxx">
      <Filter>Other Files</Filter>
    </ClCompile>
    <ClCompile Include="C:\Users\curti\yuzu\src\web_service\announce_room_json.cpp" />
    <ClCompile Include="C:\Users\curti\yuzu\src\web_service\telemetry_json.cpp" />
    <ClCompile Include="C:\Users\curti\yuzu\src\web_service\verify_login.cpp" />
    <ClCompile Include="C:\Users\curti\yuzu\src\web_service\verify_user_jwt.cpp" />
    <ClCompile Include="C:\Users\curti\yuzu\src\web_service\web_backend.cpp" />
  </ItemGroup>
  <ItemGroup>
    <ClInclude Include="C:\Users\curti\yuzu\src\web_service\announce_room_json.h" />
    <ClInclude Include="C:\Users\curti\yuzu\src\web_service\precompiled_headers.h" />
    <ClInclude Include="C:\Users\curti\yuzu\src\web_service\telemetry_json.h" />
    <ClInclude Include="C:\Users\curti\yuzu\src\web_service\verify_login.h" />
    <ClInclude Include="C:\Users\curti\yuzu\src\web_service\verify_user_jwt.h" />
    <ClInclude Include="C:\Users\curti\yuzu\src\web_service\web_backend.h" />
    <ClInclude Include="C:\Users\curti\yuzu\src\web_service\web_result.h" />
    <ClInclude Include="F:\custom-build\Yuzu-1703\src\web_service\CMakeFiles\web_service.dir\Debug\cmake_pch.hxx">
      <Filter>Other Files</Filter>
    </ClInclude>
    <ClInclude Include="F:\custom-build\Yuzu-1703\src\web_service\CMakeFiles\web_service.dir\Release\cmake_pch.hxx">
      <Filter>Other Files</Filter>
    </ClInclude>
  </ItemGroup>
  <ItemGroup>
    <CustomBuild Include="C:\Users\curti\yuzu\src\web_service\CMakeLists.txt">
      <Filter>Other Files</Filter>
    </CustomBuild>
  </ItemGroup>
  <ItemGroup>
    <Natvis Include="F:\custom-build\Yuzu-1703\vcpkg_installed\x64-windows\share\nlohmann_json\nlohmann_json.natvis">
      <Filter>Other Files</Filter>
    </Natvis>
  </ItemGroup>
  <ItemGroup>
    <Filter Include="Other Files">
      <UniqueIdentifier>{497DFFD5-D906-322C-9A2A-EB8C8ACE77BB}</UniqueIdentifier>
    </Filter>
  </ItemGroup>
</Project>
