<?xml version="1.0" encoding="utf-8"?>
<Project ToolsVersion="17.0" xmlns="http://schemas.microsoft.com/developer/msbuild/2003">
  <ItemGroup>
    <CustomBuild Include="F:\custom-build\Yuzu-1703\CMakeFiles\49674e701f2ebc0111a77ff9c7f914d3\INSTALL_force.rule">
      <Filter>Other Files</Filter>
    </CustomBuild>
  </ItemGroup>
  <ItemGroup>
    <Filter Include="Other Files">
      <UniqueIdentifier>{497DFFD5-D906-322C-9A2A-EB8C8ACE77BB}</UniqueIdentifier>
    </Filter>
  </ItemGroup>
</Project>
