<?xml version="1.0" encoding="utf-8"?>
<Project ToolsVersion="17.0" xmlns="http://schemas.microsoft.com/developer/msbuild/2003">
  <ItemGroup>
    <ClCompile Include="F:\custom-build\Yuzu-1703\src\audio_core\CMakeFiles\audio_core.dir\cmake_pch.cxx">
      <Filter>Other Files</Filter>
    </ClCompile>
    <ClCompile Include="C:\Users\curti\yuzu\src\audio_core\adsp\adsp.cpp">
      <Filter>adsp</Filter>
    </ClCompile>
    <ClCompile Include="C:\Users\curti\yuzu\src\audio_core\adsp\apps\audio_renderer\audio_renderer.cpp">
      <Filter>adsp\apps\audio_renderer</Filter>
    </ClCompile>
    <ClCompile Include="C:\Users\curti\yuzu\src\audio_core\adsp\apps\audio_renderer\command_list_processor.cpp">
      <Filter>adsp\apps\audio_renderer</Filter>
    </ClCompile>
    <ClCompile Include="C:\Users\curti\yuzu\src\audio_core\adsp\apps\opus\opus_decoder.cpp">
      <Filter>adsp\apps\opus</Filter>
    </ClCompile>
    <ClCompile Include="C:\Users\curti\yuzu\src\audio_core\adsp\apps\opus\opus_decode_object.cpp">
      <Filter>adsp\apps\opus</Filter>
    </ClCompile>
    <ClCompile Include="C:\Users\curti\yuzu\src\audio_core\adsp\apps\opus\opus_multistream_decode_object.cpp">
      <Filter>adsp\apps\opus</Filter>
    </ClCompile>
    <ClCompile Include="C:\Users\curti\yuzu\src\audio_core\audio_core.cpp" />
    <ClCompile Include="C:\Users\curti\yuzu\src\audio_core\audio_event.cpp" />
    <ClCompile Include="C:\Users\curti\yuzu\src\audio_core\audio_render_manager.cpp" />
    <ClCompile Include="C:\Users\curti\yuzu\src\audio_core\audio_in_manager.cpp" />
    <ClCompile Include="C:\Users\curti\yuzu\src\audio_core\audio_out_manager.cpp" />
    <ClCompile Include="C:\Users\curti\yuzu\src\audio_core\audio_manager.cpp" />
    <ClCompile Include="C:\Users\curti\yuzu\src\audio_core\device\device_session.cpp">
      <Filter>device</Filter>
    </ClCompile>
    <ClCompile Include="C:\Users\curti\yuzu\src\audio_core\in\audio_in.cpp">
      <Filter>in</Filter>
    </ClCompile>
    <ClCompile Include="C:\Users\curti\yuzu\src\audio_core\in\audio_in_system.cpp">
      <Filter>in</Filter>
    </ClCompile>
    <ClCompile Include="C:\Users\curti\yuzu\src\audio_core\opus\hardware_opus.cpp">
      <Filter>opus</Filter>
    </ClCompile>
    <ClCompile Include="C:\Users\curti\yuzu\src\audio_core\opus\decoder_manager.cpp">
      <Filter>opus</Filter>
    </ClCompile>
    <ClCompile Include="C:\Users\curti\yuzu\src\audio_core\opus\decoder.cpp">
      <Filter>opus</Filter>
    </ClCompile>
    <ClCompile Include="C:\Users\curti\yuzu\src\audio_core\out\audio_out.cpp">
      <Filter>out</Filter>
    </ClCompile>
    <ClCompile Include="C:\Users\curti\yuzu\src\audio_core\out\audio_out_system.cpp">
      <Filter>out</Filter>
    </ClCompile>
    <ClCompile Include="C:\Users\curti\yuzu\src\audio_core\renderer\audio_device.cpp">
      <Filter>renderer</Filter>
    </ClCompile>
    <ClCompile Include="C:\Users\curti\yuzu\src\audio_core\renderer\audio_renderer.cpp">
      <Filter>renderer</Filter>
    </ClCompile>
    <ClCompile Include="C:\Users\curti\yuzu\src\audio_core\renderer\behavior\behavior_info.cpp">
      <Filter>renderer\behavior</Filter>
    </ClCompile>
    <ClCompile Include="C:\Users\curti\yuzu\src\audio_core\renderer\behavior\info_updater.cpp">
      <Filter>renderer\behavior</Filter>
    </ClCompile>
    <ClCompile Include="C:\Users\curti\yuzu\src\audio_core\renderer\command\data_source\adpcm.cpp">
      <Filter>renderer\command\data_source</Filter>
    </ClCompile>
    <ClCompile Include="C:\Users\curti\yuzu\src\audio_core\renderer\command\data_source\decode.cpp">
      <Filter>renderer\command\data_source</Filter>
    </ClCompile>
    <ClCompile Include="C:\Users\curti\yuzu\src\audio_core\renderer\command\data_source\pcm_float.cpp">
      <Filter>renderer\command\data_source</Filter>
    </ClCompile>
    <ClCompile Include="C:\Users\curti\yuzu\src\audio_core\renderer\command\data_source\pcm_int16.cpp">
      <Filter>renderer\command\data_source</Filter>
    </ClCompile>
    <ClCompile Include="C:\Users\curti\yuzu\src\audio_core\renderer\command\effect\aux_.cpp">
      <Filter>renderer\command\effect</Filter>
    </ClCompile>
    <ClCompile Include="C:\Users\curti\yuzu\src\audio_core\renderer\command\effect\biquad_filter.cpp">
      <Filter>renderer\command\effect</Filter>
    </ClCompile>
    <ClCompile Include="C:\Users\curti\yuzu\src\audio_core\renderer\command\effect\capture.cpp">
      <Filter>renderer\command\effect</Filter>
    </ClCompile>
    <ClCompile Include="C:\Users\curti\yuzu\src\audio_core\renderer\command\effect\compressor.cpp">
      <Filter>renderer\command\effect</Filter>
    </ClCompile>
    <ClCompile Include="C:\Users\curti\yuzu\src\audio_core\renderer\command\effect\delay.cpp">
      <Filter>renderer\command\effect</Filter>
    </ClCompile>
    <ClCompile Include="C:\Users\curti\yuzu\src\audio_core\renderer\command\effect\i3dl2_reverb.cpp">
      <Filter>renderer\command\effect</Filter>
    </ClCompile>
    <ClCompile Include="C:\Users\curti\yuzu\src\audio_core\renderer\command\effect\light_limiter.cpp">
      <Filter>renderer\command\effect</Filter>
    </ClCompile>
    <ClCompile Include="C:\Users\curti\yuzu\src\audio_core\renderer\command\effect\multi_tap_biquad_filter.cpp">
      <Filter>renderer\command\effect</Filter>
    </ClCompile>
    <ClCompile Include="C:\Users\curti\yuzu\src\audio_core\renderer\command\effect\reverb.cpp">
      <Filter>renderer\command\effect</Filter>
    </ClCompile>
    <ClCompile Include="C:\Users\curti\yuzu\src\audio_core\renderer\command\mix\clear_mix.cpp">
      <Filter>renderer\command\mix</Filter>
    </ClCompile>
    <ClCompile Include="C:\Users\curti\yuzu\src\audio_core\renderer\command\mix\copy_mix.cpp">
      <Filter>renderer\command\mix</Filter>
    </ClCompile>
    <ClCompile Include="C:\Users\curti\yuzu\src\audio_core\renderer\command\mix\depop_for_mix_buffers.cpp">
      <Filter>renderer\command\mix</Filter>
    </ClCompile>
    <ClCompile Include="C:\Users\curti\yuzu\src\audio_core\renderer\command\mix\depop_prepare.cpp">
      <Filter>renderer\command\mix</Filter>
    </ClCompile>
    <ClCompile Include="C:\Users\curti\yuzu\src\audio_core\renderer\command\mix\mix.cpp">
      <Filter>renderer\command\mix</Filter>
    </ClCompile>
    <ClCompile Include="C:\Users\curti\yuzu\src\audio_core\renderer\command\mix\mix_ramp.cpp">
      <Filter>renderer\command\mix</Filter>
    </ClCompile>
    <ClCompile Include="C:\Users\curti\yuzu\src\audio_core\renderer\command\mix\mix_ramp_grouped.cpp">
      <Filter>renderer\command\mix</Filter>
    </ClCompile>
    <ClCompile Include="C:\Users\curti\yuzu\src\audio_core\renderer\command\mix\volume.cpp">
      <Filter>renderer\command\mix</Filter>
    </ClCompile>
    <ClCompile Include="C:\Users\curti\yuzu\src\audio_core\renderer\command\mix\volume_ramp.cpp">
      <Filter>renderer\command\mix</Filter>
    </ClCompile>
    <ClCompile Include="C:\Users\curti\yuzu\src\audio_core\renderer\command\performance\performance.cpp">
      <Filter>renderer\command\performance</Filter>
    </ClCompile>
    <ClCompile Include="C:\Users\curti\yuzu\src\audio_core\renderer\command\resample\downmix_6ch_to_2ch.cpp">
      <Filter>renderer\command\resample</Filter>
    </ClCompile>
    <ClCompile Include="C:\Users\curti\yuzu\src\audio_core\renderer\command\resample\resample.cpp">
      <Filter>renderer\command\resample</Filter>
    </ClCompile>
    <ClCompile Include="C:\Users\curti\yuzu\src\audio_core\renderer\command\resample\upsample.cpp">
      <Filter>renderer\command\resample</Filter>
    </ClCompile>
    <ClCompile Include="C:\Users\curti\yuzu\src\audio_core\renderer\command\sink\device.cpp">
      <Filter>renderer\command\sink</Filter>
    </ClCompile>
    <ClCompile Include="C:\Users\curti\yuzu\src\audio_core\renderer\command\sink\circular_buffer.cpp">
      <Filter>renderer\command\sink</Filter>
    </ClCompile>
    <ClCompile Include="C:\Users\curti\yuzu\src\audio_core\renderer\command\command_buffer.cpp">
      <Filter>renderer\command</Filter>
    </ClCompile>
    <ClCompile Include="C:\Users\curti\yuzu\src\audio_core\renderer\command\command_generator.cpp">
      <Filter>renderer\command</Filter>
    </ClCompile>
    <ClCompile Include="C:\Users\curti\yuzu\src\audio_core\renderer\command\command_processing_time_estimator.cpp">
      <Filter>renderer\command</Filter>
    </ClCompile>
    <ClCompile Include="C:\Users\curti\yuzu\src\audio_core\renderer\effect\aux_.cpp">
      <Filter>renderer\effect</Filter>
    </ClCompile>
    <ClCompile Include="C:\Users\curti\yuzu\src\audio_core\renderer\effect\biquad_filter.cpp">
      <Filter>renderer\effect</Filter>
    </ClCompile>
    <ClCompile Include="C:\Users\curti\yuzu\src\audio_core\renderer\effect\buffer_mixer.cpp">
      <Filter>renderer\effect</Filter>
    </ClCompile>
    <ClCompile Include="C:\Users\curti\yuzu\src\audio_core\renderer\effect\capture.cpp">
      <Filter>renderer\effect</Filter>
    </ClCompile>
    <ClCompile Include="C:\Users\curti\yuzu\src\audio_core\renderer\effect\compressor.cpp">
      <Filter>renderer\effect</Filter>
    </ClCompile>
    <ClCompile Include="C:\Users\curti\yuzu\src\audio_core\renderer\effect\delay.cpp">
      <Filter>renderer\effect</Filter>
    </ClCompile>
    <ClCompile Include="C:\Users\curti\yuzu\src\audio_core\renderer\effect\effect_context.cpp">
      <Filter>renderer\effect</Filter>
    </ClCompile>
    <ClCompile Include="C:\Users\curti\yuzu\src\audio_core\renderer\effect\i3dl2.cpp">
      <Filter>renderer\effect</Filter>
    </ClCompile>
    <ClCompile Include="C:\Users\curti\yuzu\src\audio_core\renderer\effect\light_limiter.cpp">
      <Filter>renderer\effect</Filter>
    </ClCompile>
    <ClCompile Include="C:\Users\curti\yuzu\src\audio_core\renderer\effect\reverb.cpp">
      <Filter>renderer\effect</Filter>
    </ClCompile>
    <ClCompile Include="C:\Users\curti\yuzu\src\audio_core\renderer\mix\mix_context.cpp">
      <Filter>renderer\mix</Filter>
    </ClCompile>
    <ClCompile Include="C:\Users\curti\yuzu\src\audio_core\renderer\mix\mix_info.cpp">
      <Filter>renderer\mix</Filter>
    </ClCompile>
    <ClCompile Include="C:\Users\curti\yuzu\src\audio_core\renderer\memory\memory_pool_info.cpp">
      <Filter>renderer\memory</Filter>
    </ClCompile>
    <ClCompile Include="C:\Users\curti\yuzu\src\audio_core\renderer\memory\pool_mapper.cpp">
      <Filter>renderer\memory</Filter>
    </ClCompile>
    <ClCompile Include="C:\Users\curti\yuzu\src\audio_core\renderer\nodes\edge_matrix.cpp">
      <Filter>renderer\nodes</Filter>
    </ClCompile>
    <ClCompile Include="C:\Users\curti\yuzu\src\audio_core\renderer\nodes\node_states.cpp">
      <Filter>renderer\nodes</Filter>
    </ClCompile>
    <ClCompile Include="C:\Users\curti\yuzu\src\audio_core\renderer\performance\detail_aspect.cpp">
      <Filter>renderer\performance</Filter>
    </ClCompile>
    <ClCompile Include="C:\Users\curti\yuzu\src\audio_core\renderer\performance\entry_aspect.cpp">
      <Filter>renderer\performance</Filter>
    </ClCompile>
    <ClCompile Include="C:\Users\curti\yuzu\src\audio_core\renderer\performance\performance_manager.cpp">
      <Filter>renderer\performance</Filter>
    </ClCompile>
    <ClCompile Include="C:\Users\curti\yuzu\src\audio_core\renderer\sink\circular_buffer_sink_info.cpp">
      <Filter>renderer\sink</Filter>
    </ClCompile>
    <ClCompile Include="C:\Users\curti\yuzu\src\audio_core\renderer\sink\device_sink_info.cpp">
      <Filter>renderer\sink</Filter>
    </ClCompile>
    <ClCompile Include="C:\Users\curti\yuzu\src\audio_core\renderer\sink\sink_context.cpp">
      <Filter>renderer\sink</Filter>
    </ClCompile>
    <ClCompile Include="C:\Users\curti\yuzu\src\audio_core\renderer\sink\sink_info_base.cpp">
      <Filter>renderer\sink</Filter>
    </ClCompile>
    <ClCompile Include="C:\Users\curti\yuzu\src\audio_core\renderer\splitter\splitter_context.cpp">
      <Filter>renderer\splitter</Filter>
    </ClCompile>
    <ClCompile Include="C:\Users\curti\yuzu\src\audio_core\renderer\splitter\splitter_destinations_data.cpp">
      <Filter>renderer\splitter</Filter>
    </ClCompile>
    <ClCompile Include="C:\Users\curti\yuzu\src\audio_core\renderer\splitter\splitter_info.cpp">
      <Filter>renderer\splitter</Filter>
    </ClCompile>
    <ClCompile Include="C:\Users\curti\yuzu\src\audio_core\renderer\system.cpp">
      <Filter>renderer</Filter>
    </ClCompile>
    <ClCompile Include="C:\Users\curti\yuzu\src\audio_core\renderer\system_manager.cpp">
      <Filter>renderer</Filter>
    </ClCompile>
    <ClCompile Include="C:\Users\curti\yuzu\src\audio_core\renderer\upsampler\upsampler_manager.cpp">
      <Filter>renderer\upsampler</Filter>
    </ClCompile>
    <ClCompile Include="C:\Users\curti\yuzu\src\audio_core\renderer\voice\voice_context.cpp">
      <Filter>renderer\voice</Filter>
    </ClCompile>
    <ClCompile Include="C:\Users\curti\yuzu\src\audio_core\renderer\voice\voice_info.cpp">
      <Filter>renderer\voice</Filter>
    </ClCompile>
    <ClCompile Include="C:\Users\curti\yuzu\src\audio_core\sink\sink_details.cpp">
      <Filter>sink</Filter>
    </ClCompile>
    <ClCompile Include="C:\Users\curti\yuzu\src\audio_core\sink\sink_stream.cpp">
      <Filter>sink</Filter>
    </ClCompile>
    <ClCompile Include="C:\Users\curti\yuzu\src\audio_core\sink\cubeb_sink.cpp">
      <Filter>sink</Filter>
    </ClCompile>
    <ClCompile Include="C:\Users\curti\yuzu\src\audio_core\sink\sdl2_sink.cpp">
      <Filter>sink</Filter>
    </ClCompile>
  </ItemGroup>
  <ItemGroup>
    <ClInclude Include="C:\Users\curti\yuzu\src\audio_core\adsp\adsp.h">
      <Filter>adsp</Filter>
    </ClInclude>
    <ClInclude Include="C:\Users\curti\yuzu\src\audio_core\adsp\mailbox.h">
      <Filter>adsp</Filter>
    </ClInclude>
    <ClInclude Include="C:\Users\curti\yuzu\src\audio_core\adsp\apps\audio_renderer\audio_renderer.h">
      <Filter>adsp\apps\audio_renderer</Filter>
    </ClInclude>
    <ClInclude Include="C:\Users\curti\yuzu\src\audio_core\adsp\apps\audio_renderer\command_buffer.h">
      <Filter>adsp\apps\audio_renderer</Filter>
    </ClInclude>
    <ClInclude Include="C:\Users\curti\yuzu\src\audio_core\adsp\apps\audio_renderer\command_list_processor.h">
      <Filter>adsp\apps\audio_renderer</Filter>
    </ClInclude>
    <ClInclude Include="C:\Users\curti\yuzu\src\audio_core\adsp\apps\opus\opus_decoder.h">
      <Filter>adsp\apps\opus</Filter>
    </ClInclude>
    <ClInclude Include="C:\Users\curti\yuzu\src\audio_core\adsp\apps\opus\opus_decode_object.h">
      <Filter>adsp\apps\opus</Filter>
    </ClInclude>
    <ClInclude Include="C:\Users\curti\yuzu\src\audio_core\adsp\apps\opus\opus_multistream_decode_object.h">
      <Filter>adsp\apps\opus</Filter>
    </ClInclude>
    <ClInclude Include="C:\Users\curti\yuzu\src\audio_core\adsp\apps\opus\shared_memory.h">
      <Filter>adsp\apps\opus</Filter>
    </ClInclude>
    <ClInclude Include="C:\Users\curti\yuzu\src\audio_core\audio_core.h" />
    <ClInclude Include="C:\Users\curti\yuzu\src\audio_core\audio_event.h" />
    <ClInclude Include="C:\Users\curti\yuzu\src\audio_core\audio_render_manager.h" />
    <ClInclude Include="C:\Users\curti\yuzu\src\audio_core\audio_in_manager.h" />
    <ClInclude Include="C:\Users\curti\yuzu\src\audio_core\audio_out_manager.h" />
    <ClInclude Include="C:\Users\curti\yuzu\src\audio_core\audio_manager.h" />
    <ClInclude Include="C:\Users\curti\yuzu\src\audio_core\common\audio_renderer_parameter.h">
      <Filter>common</Filter>
    </ClInclude>
    <ClInclude Include="C:\Users\curti\yuzu\src\audio_core\common\common.h">
      <Filter>common</Filter>
    </ClInclude>
    <ClInclude Include="C:\Users\curti\yuzu\src\audio_core\common\feature_support.h">
      <Filter>common</Filter>
    </ClInclude>
    <ClInclude Include="C:\Users\curti\yuzu\src\audio_core\common\wave_buffer.h">
      <Filter>common</Filter>
    </ClInclude>
    <ClInclude Include="C:\Users\curti\yuzu\src\audio_core\common\workbuffer_allocator.h">
      <Filter>common</Filter>
    </ClInclude>
    <ClInclude Include="C:\Users\curti\yuzu\src\audio_core\device\audio_buffer.h">
      <Filter>device</Filter>
    </ClInclude>
    <ClInclude Include="C:\Users\curti\yuzu\src\audio_core\device\audio_buffers.h">
      <Filter>device</Filter>
    </ClInclude>
    <ClInclude Include="C:\Users\curti\yuzu\src\audio_core\device\device_session.h">
      <Filter>device</Filter>
    </ClInclude>
    <ClInclude Include="C:\Users\curti\yuzu\src\audio_core\in\audio_in.h">
      <Filter>in</Filter>
    </ClInclude>
    <ClInclude Include="C:\Users\curti\yuzu\src\audio_core\in\audio_in_system.h">
      <Filter>in</Filter>
    </ClInclude>
    <ClInclude Include="C:\Users\curti\yuzu\src\audio_core\opus\hardware_opus.h">
      <Filter>opus</Filter>
    </ClInclude>
    <ClInclude Include="C:\Users\curti\yuzu\src\audio_core\opus\decoder_manager.h">
      <Filter>opus</Filter>
    </ClInclude>
    <ClInclude Include="C:\Users\curti\yuzu\src\audio_core\opus\decoder.h">
      <Filter>opus</Filter>
    </ClInclude>
    <ClInclude Include="C:\Users\curti\yuzu\src\audio_core\opus\parameters.h">
      <Filter>opus</Filter>
    </ClInclude>
    <ClInclude Include="C:\Users\curti\yuzu\src\audio_core\out\audio_out.h">
      <Filter>out</Filter>
    </ClInclude>
    <ClInclude Include="C:\Users\curti\yuzu\src\audio_core\out\audio_out_system.h">
      <Filter>out</Filter>
    </ClInclude>
    <ClInclude Include="C:\Users\curti\yuzu\src\audio_core\precompiled_headers.h" />
    <ClInclude Include="C:\Users\curti\yuzu\src\audio_core\renderer\audio_device.h">
      <Filter>renderer</Filter>
    </ClInclude>
    <ClInclude Include="C:\Users\curti\yuzu\src\audio_core\renderer\audio_renderer.h">
      <Filter>renderer</Filter>
    </ClInclude>
    <ClInclude Include="C:\Users\curti\yuzu\src\audio_core\renderer\behavior\behavior_info.h">
      <Filter>renderer\behavior</Filter>
    </ClInclude>
    <ClInclude Include="C:\Users\curti\yuzu\src\audio_core\renderer\behavior\info_updater.h">
      <Filter>renderer\behavior</Filter>
    </ClInclude>
    <ClInclude Include="C:\Users\curti\yuzu\src\audio_core\renderer\command\data_source\adpcm.h">
      <Filter>renderer\command\data_source</Filter>
    </ClInclude>
    <ClInclude Include="C:\Users\curti\yuzu\src\audio_core\renderer\command\data_source\decode.h">
      <Filter>renderer\command\data_source</Filter>
    </ClInclude>
    <ClInclude Include="C:\Users\curti\yuzu\src\audio_core\renderer\command\data_source\pcm_float.h">
      <Filter>renderer\command\data_source</Filter>
    </ClInclude>
    <ClInclude Include="C:\Users\curti\yuzu\src\audio_core\renderer\command\data_source\pcm_int16.h">
      <Filter>renderer\command\data_source</Filter>
    </ClInclude>
    <ClInclude Include="C:\Users\curti\yuzu\src\audio_core\renderer\command\effect\aux_.h">
      <Filter>renderer\command\effect</Filter>
    </ClInclude>
    <ClInclude Include="C:\Users\curti\yuzu\src\audio_core\renderer\command\effect\biquad_filter.h">
      <Filter>renderer\command\effect</Filter>
    </ClInclude>
    <ClInclude Include="C:\Users\curti\yuzu\src\audio_core\renderer\command\effect\capture.h">
      <Filter>renderer\command\effect</Filter>
    </ClInclude>
    <ClInclude Include="C:\Users\curti\yuzu\src\audio_core\renderer\command\effect\compressor.h">
      <Filter>renderer\command\effect</Filter>
    </ClInclude>
    <ClInclude Include="C:\Users\curti\yuzu\src\audio_core\renderer\command\effect\delay.h">
      <Filter>renderer\command\effect</Filter>
    </ClInclude>
    <ClInclude Include="C:\Users\curti\yuzu\src\audio_core\renderer\command\effect\i3dl2_reverb.h">
      <Filter>renderer\command\effect</Filter>
    </ClInclude>
    <ClInclude Include="C:\Users\curti\yuzu\src\audio_core\renderer\command\effect\light_limiter.h">
      <Filter>renderer\command\effect</Filter>
    </ClInclude>
    <ClInclude Include="C:\Users\curti\yuzu\src\audio_core\renderer\command\effect\multi_tap_biquad_filter.h">
      <Filter>renderer\command\effect</Filter>
    </ClInclude>
    <ClInclude Include="C:\Users\curti\yuzu\src\audio_core\renderer\command\effect\reverb.h">
      <Filter>renderer\command\effect</Filter>
    </ClInclude>
    <ClInclude Include="C:\Users\curti\yuzu\src\audio_core\renderer\command\mix\clear_mix.h">
      <Filter>renderer\command\mix</Filter>
    </ClInclude>
    <ClInclude Include="C:\Users\curti\yuzu\src\audio_core\renderer\command\mix\copy_mix.h">
      <Filter>renderer\command\mix</Filter>
    </ClInclude>
    <ClInclude Include="C:\Users\curti\yuzu\src\audio_core\renderer\command\mix\depop_for_mix_buffers.h">
      <Filter>renderer\command\mix</Filter>
    </ClInclude>
    <ClInclude Include="C:\Users\curti\yuzu\src\audio_core\renderer\command\mix\depop_prepare.h">
      <Filter>renderer\command\mix</Filter>
    </ClInclude>
    <ClInclude Include="C:\Users\curti\yuzu\src\audio_core\renderer\command\mix\mix.h">
      <Filter>renderer\command\mix</Filter>
    </ClInclude>
    <ClInclude Include="C:\Users\curti\yuzu\src\audio_core\renderer\command\mix\mix_ramp.h">
      <Filter>renderer\command\mix</Filter>
    </ClInclude>
    <ClInclude Include="C:\Users\curti\yuzu\src\audio_core\renderer\command\mix\mix_ramp_grouped.h">
      <Filter>renderer\command\mix</Filter>
    </ClInclude>
    <ClInclude Include="C:\Users\curti\yuzu\src\audio_core\renderer\command\mix\volume.h">
      <Filter>renderer\command\mix</Filter>
    </ClInclude>
    <ClInclude Include="C:\Users\curti\yuzu\src\audio_core\renderer\command\mix\volume_ramp.h">
      <Filter>renderer\command\mix</Filter>
    </ClInclude>
    <ClInclude Include="C:\Users\curti\yuzu\src\audio_core\renderer\command\performance\performance.h">
      <Filter>renderer\command\performance</Filter>
    </ClInclude>
    <ClInclude Include="C:\Users\curti\yuzu\src\audio_core\renderer\command\resample\downmix_6ch_to_2ch.h">
      <Filter>renderer\command\resample</Filter>
    </ClInclude>
    <ClInclude Include="C:\Users\curti\yuzu\src\audio_core\renderer\command\resample\resample.h">
      <Filter>renderer\command\resample</Filter>
    </ClInclude>
    <ClInclude Include="C:\Users\curti\yuzu\src\audio_core\renderer\command\resample\upsample.h">
      <Filter>renderer\command\resample</Filter>
    </ClInclude>
    <ClInclude Include="C:\Users\curti\yuzu\src\audio_core\renderer\command\sink\device.h">
      <Filter>renderer\command\sink</Filter>
    </ClInclude>
    <ClInclude Include="C:\Users\curti\yuzu\src\audio_core\renderer\command\sink\circular_buffer.h">
      <Filter>renderer\command\sink</Filter>
    </ClInclude>
    <ClInclude Include="C:\Users\curti\yuzu\src\audio_core\renderer\command\command_buffer.h">
      <Filter>renderer\command</Filter>
    </ClInclude>
    <ClInclude Include="C:\Users\curti\yuzu\src\audio_core\renderer\command\command_generator.h">
      <Filter>renderer\command</Filter>
    </ClInclude>
    <ClInclude Include="C:\Users\curti\yuzu\src\audio_core\renderer\command\command_list_header.h">
      <Filter>renderer\command</Filter>
    </ClInclude>
    <ClInclude Include="C:\Users\curti\yuzu\src\audio_core\renderer\command\command_processing_time_estimator.h">
      <Filter>renderer\command</Filter>
    </ClInclude>
    <ClInclude Include="C:\Users\curti\yuzu\src\audio_core\renderer\command\commands.h">
      <Filter>renderer\command</Filter>
    </ClInclude>
    <ClInclude Include="C:\Users\curti\yuzu\src\audio_core\renderer\command\icommand.h">
      <Filter>renderer\command</Filter>
    </ClInclude>
    <ClInclude Include="C:\Users\curti\yuzu\src\audio_core\renderer\effect\aux_.h">
      <Filter>renderer\effect</Filter>
    </ClInclude>
    <ClInclude Include="C:\Users\curti\yuzu\src\audio_core\renderer\effect\biquad_filter.h">
      <Filter>renderer\effect</Filter>
    </ClInclude>
    <ClInclude Include="C:\Users\curti\yuzu\src\audio_core\renderer\effect\buffer_mixer.h">
      <Filter>renderer\effect</Filter>
    </ClInclude>
    <ClInclude Include="C:\Users\curti\yuzu\src\audio_core\renderer\effect\capture.h">
      <Filter>renderer\effect</Filter>
    </ClInclude>
    <ClInclude Include="C:\Users\curti\yuzu\src\audio_core\renderer\effect\compressor.h">
      <Filter>renderer\effect</Filter>
    </ClInclude>
    <ClInclude Include="C:\Users\curti\yuzu\src\audio_core\renderer\effect\delay.h">
      <Filter>renderer\effect</Filter>
    </ClInclude>
    <ClInclude Include="C:\Users\curti\yuzu\src\audio_core\renderer\effect\effect_context.h">
      <Filter>renderer\effect</Filter>
    </ClInclude>
    <ClInclude Include="C:\Users\curti\yuzu\src\audio_core\renderer\effect\effect_info_base.h">
      <Filter>renderer\effect</Filter>
    </ClInclude>
    <ClInclude Include="C:\Users\curti\yuzu\src\audio_core\renderer\effect\effect_reset.h">
      <Filter>renderer\effect</Filter>
    </ClInclude>
    <ClInclude Include="C:\Users\curti\yuzu\src\audio_core\renderer\effect\effect_result_state.h">
      <Filter>renderer\effect</Filter>
    </ClInclude>
    <ClInclude Include="C:\Users\curti\yuzu\src\audio_core\renderer\effect\i3dl2.h">
      <Filter>renderer\effect</Filter>
    </ClInclude>
    <ClInclude Include="C:\Users\curti\yuzu\src\audio_core\renderer\effect\light_limiter.h">
      <Filter>renderer\effect</Filter>
    </ClInclude>
    <ClInclude Include="C:\Users\curti\yuzu\src\audio_core\renderer\effect\reverb.h">
      <Filter>renderer\effect</Filter>
    </ClInclude>
    <ClInclude Include="C:\Users\curti\yuzu\src\audio_core\renderer\mix\mix_context.h">
      <Filter>renderer\mix</Filter>
    </ClInclude>
    <ClInclude Include="C:\Users\curti\yuzu\src\audio_core\renderer\mix\mix_info.h">
      <Filter>renderer\mix</Filter>
    </ClInclude>
    <ClInclude Include="C:\Users\curti\yuzu\src\audio_core\renderer\memory\address_info.h">
      <Filter>renderer\memory</Filter>
    </ClInclude>
    <ClInclude Include="C:\Users\curti\yuzu\src\audio_core\renderer\memory\memory_pool_info.h">
      <Filter>renderer\memory</Filter>
    </ClInclude>
    <ClInclude Include="C:\Users\curti\yuzu\src\audio_core\renderer\memory\pool_mapper.h">
      <Filter>renderer\memory</Filter>
    </ClInclude>
    <ClInclude Include="C:\Users\curti\yuzu\src\audio_core\renderer\nodes\bit_array.h">
      <Filter>renderer\nodes</Filter>
    </ClInclude>
    <ClInclude Include="C:\Users\curti\yuzu\src\audio_core\renderer\nodes\edge_matrix.h">
      <Filter>renderer\nodes</Filter>
    </ClInclude>
    <ClInclude Include="C:\Users\curti\yuzu\src\audio_core\renderer\nodes\node_states.h">
      <Filter>renderer\nodes</Filter>
    </ClInclude>
    <ClInclude Include="C:\Users\curti\yuzu\src\audio_core\renderer\performance\detail_aspect.h">
      <Filter>renderer\performance</Filter>
    </ClInclude>
    <ClInclude Include="C:\Users\curti\yuzu\src\audio_core\renderer\performance\entry_aspect.h">
      <Filter>renderer\performance</Filter>
    </ClInclude>
    <ClInclude Include="C:\Users\curti\yuzu\src\audio_core\renderer\performance\performance_detail.h">
      <Filter>renderer\performance</Filter>
    </ClInclude>
    <ClInclude Include="C:\Users\curti\yuzu\src\audio_core\renderer\performance\performance_entry.h">
      <Filter>renderer\performance</Filter>
    </ClInclude>
    <ClInclude Include="C:\Users\curti\yuzu\src\audio_core\renderer\performance\performance_entry_addresses.h">
      <Filter>renderer\performance</Filter>
    </ClInclude>
    <ClInclude Include="C:\Users\curti\yuzu\src\audio_core\renderer\performance\performance_frame_header.h">
      <Filter>renderer\performance</Filter>
    </ClInclude>
    <ClInclude Include="C:\Users\curti\yuzu\src\audio_core\renderer\performance\performance_manager.h">
      <Filter>renderer\performance</Filter>
    </ClInclude>
    <ClInclude Include="C:\Users\curti\yuzu\src\audio_core\renderer\sink\circular_buffer_sink_info.h">
      <Filter>renderer\sink</Filter>
    </ClInclude>
    <ClInclude Include="C:\Users\curti\yuzu\src\audio_core\renderer\sink\device_sink_info.h">
      <Filter>renderer\sink</Filter>
    </ClInclude>
    <ClInclude Include="C:\Users\curti\yuzu\src\audio_core\renderer\sink\sink_context.h">
      <Filter>renderer\sink</Filter>
    </ClInclude>
    <ClInclude Include="C:\Users\curti\yuzu\src\audio_core\renderer\sink\sink_info_base.h">
      <Filter>renderer\sink</Filter>
    </ClInclude>
    <ClInclude Include="C:\Users\curti\yuzu\src\audio_core\renderer\splitter\splitter_context.h">
      <Filter>renderer\splitter</Filter>
    </ClInclude>
    <ClInclude Include="C:\Users\curti\yuzu\src\audio_core\renderer\splitter\splitter_destinations_data.h">
      <Filter>renderer\splitter</Filter>
    </ClInclude>
    <ClInclude Include="C:\Users\curti\yuzu\src\audio_core\renderer\splitter\splitter_info.h">
      <Filter>renderer\splitter</Filter>
    </ClInclude>
    <ClInclude Include="C:\Users\curti\yuzu\src\audio_core\renderer\system.h">
      <Filter>renderer</Filter>
    </ClInclude>
    <ClInclude Include="C:\Users\curti\yuzu\src\audio_core\renderer\system_manager.h">
      <Filter>renderer</Filter>
    </ClInclude>
    <ClInclude Include="C:\Users\curti\yuzu\src\audio_core\renderer\upsampler\upsampler_info.h">
      <Filter>renderer\upsampler</Filter>
    </ClInclude>
    <ClInclude Include="C:\Users\curti\yuzu\src\audio_core\renderer\upsampler\upsampler_manager.h">
      <Filter>renderer\upsampler</Filter>
    </ClInclude>
    <ClInclude Include="C:\Users\curti\yuzu\src\audio_core\renderer\upsampler\upsampler_state.h">
      <Filter>renderer\upsampler</Filter>
    </ClInclude>
    <ClInclude Include="C:\Users\curti\yuzu\src\audio_core\renderer\voice\voice_channel_resource.h">
      <Filter>renderer\voice</Filter>
    </ClInclude>
    <ClInclude Include="C:\Users\curti\yuzu\src\audio_core\renderer\voice\voice_context.h">
      <Filter>renderer\voice</Filter>
    </ClInclude>
    <ClInclude Include="C:\Users\curti\yuzu\src\audio_core\renderer\voice\voice_info.h">
      <Filter>renderer\voice</Filter>
    </ClInclude>
    <ClInclude Include="C:\Users\curti\yuzu\src\audio_core\renderer\voice\voice_state.h">
      <Filter>renderer\voice</Filter>
    </ClInclude>
    <ClInclude Include="C:\Users\curti\yuzu\src\audio_core\sink\null_sink.h">
      <Filter>sink</Filter>
    </ClInclude>
    <ClInclude Include="C:\Users\curti\yuzu\src\audio_core\sink\sink.h">
      <Filter>sink</Filter>
    </ClInclude>
    <ClInclude Include="C:\Users\curti\yuzu\src\audio_core\sink\sink_details.h">
      <Filter>sink</Filter>
    </ClInclude>
    <ClInclude Include="C:\Users\curti\yuzu\src\audio_core\sink\sink_stream.h">
      <Filter>sink</Filter>
    </ClInclude>
    <ClInclude Include="C:\Users\curti\yuzu\src\audio_core\sink\cubeb_sink.h">
      <Filter>sink</Filter>
    </ClInclude>
    <ClInclude Include="C:\Users\curti\yuzu\src\audio_core\sink\sdl2_sink.h">
      <Filter>sink</Filter>
    </ClInclude>
    <ClInclude Include="F:\custom-build\Yuzu-1703\src\audio_core\CMakeFiles\audio_core.dir\Debug\cmake_pch.hxx">
      <Filter>Other Files</Filter>
    </ClInclude>
    <ClInclude Include="F:\custom-build\Yuzu-1703\src\audio_core\CMakeFiles\audio_core.dir\Release\cmake_pch.hxx">
      <Filter>Other Files</Filter>
    </ClInclude>
  </ItemGroup>
  <ItemGroup>
    <CustomBuild Include="C:\Users\curti\yuzu\src\audio_core\CMakeLists.txt">
      <Filter>Other Files</Filter>
    </CustomBuild>
  </ItemGroup>
  <ItemGroup>
    <Filter Include="Other Files">
      <UniqueIdentifier>{497DFFD5-D906-322C-9A2A-EB8C8ACE77BB}</UniqueIdentifier>
    </Filter>
    <Filter Include="adsp">
      <UniqueIdentifier>{9FCFABB1-673E-3131-8073-53BA249B4A6B}</UniqueIdentifier>
    </Filter>
    <Filter Include="adsp\apps">
      <UniqueIdentifier>{A7AF796C-28E2-37F8-A12B-1AC2DA7218BD}</UniqueIdentifier>
    </Filter>
    <Filter Include="adsp\apps\audio_renderer">
      <UniqueIdentifier>{D633FBCD-4FD6-35D4-B27A-0430754E65D5}</UniqueIdentifier>
    </Filter>
    <Filter Include="adsp\apps\opus">
      <UniqueIdentifier>{8D70064D-A133-37BC-B40F-C27B2EECB36C}</UniqueIdentifier>
    </Filter>
    <Filter Include="common">
      <UniqueIdentifier>{AD0D8BB1-E999-3130-8331-A3A43DC9A339}</UniqueIdentifier>
    </Filter>
    <Filter Include="device">
      <UniqueIdentifier>{98BDCC68-C139-3D27-AFB7-232FE3DF87F7}</UniqueIdentifier>
    </Filter>
    <Filter Include="in">
      <UniqueIdentifier>{9205BD1C-7B15-3498-B5C9-4A7F805B54DF}</UniqueIdentifier>
    </Filter>
    <Filter Include="opus">
      <UniqueIdentifier>{CAFD0DB8-8F18-39D0-94E9-4FA95B421D27}</UniqueIdentifier>
    </Filter>
    <Filter Include="out">
      <UniqueIdentifier>{839C9BF6-95CA-3703-9828-82687CE2B193}</UniqueIdentifier>
    </Filter>
    <Filter Include="renderer">
      <UniqueIdentifier>{0C4DE704-3A91-3CAC-A906-F6D1C0093EA8}</UniqueIdentifier>
    </Filter>
    <Filter Include="renderer\behavior">
      <UniqueIdentifier>{500368CE-6168-306F-A5DE-9DCDCA0101C5}</UniqueIdentifier>
    </Filter>
    <Filter Include="renderer\command">
      <UniqueIdentifier>{FC400386-6C5F-3B3F-AC4E-95FE376415B5}</UniqueIdentifier>
    </Filter>
    <Filter Include="renderer\command\data_source">
      <UniqueIdentifier>{FBB00A9D-B041-33C7-962B-69A56ABD3501}</UniqueIdentifier>
    </Filter>
    <Filter Include="renderer\command\effect">
      <UniqueIdentifier>{CE2F3CE4-D7C4-3BF0-8B55-A6612F8E37BF}</UniqueIdentifier>
    </Filter>
    <Filter Include="renderer\command\mix">
      <UniqueIdentifier>{E6B42316-CEB3-35D0-9428-BC8B5D378969}</UniqueIdentifier>
    </Filter>
    <Filter Include="renderer\command\performance">
      <UniqueIdentifier>{E2E780F0-DD7C-3C2F-841A-3096BA4DD2E5}</UniqueIdentifier>
    </Filter>
    <Filter Include="renderer\command\resample">
      <UniqueIdentifier>{37B1B022-CE4A-3D25-8CF0-E2E441B1C506}</UniqueIdentifier>
    </Filter>
    <Filter Include="renderer\command\sink">
      <UniqueIdentifier>{DD13099B-01FF-37F5-83A0-605FAFA87BCF}</UniqueIdentifier>
    </Filter>
    <Filter Include="renderer\effect">
      <UniqueIdentifier>{A1AAC692-1E62-368B-BDEB-DFEA55688520}</UniqueIdentifier>
    </Filter>
    <Filter Include="renderer\memory">
      <UniqueIdentifier>{B3E438ED-531E-3C0A-BA89-87DCCD9345B4}</UniqueIdentifier>
    </Filter>
    <Filter Include="renderer\mix">
      <UniqueIdentifier>{3327E37C-365A-3EF5-BE0F-B850409E97B4}</UniqueIdentifier>
    </Filter>
    <Filter Include="renderer\nodes">
      <UniqueIdentifier>{CCAA11A2-C98A-33C3-8F69-16BEC1A16ADD}</UniqueIdentifier>
    </Filter>
    <Filter Include="renderer\performance">
      <UniqueIdentifier>{C5F47709-1E51-31BA-BFA3-A0CB46EF1F63}</UniqueIdentifier>
    </Filter>
    <Filter Include="renderer\sink">
      <UniqueIdentifier>{232171B0-02E5-3361-AE49-B9C6399E94A7}</UniqueIdentifier>
    </Filter>
    <Filter Include="renderer\splitter">
      <UniqueIdentifier>{1F51C7E9-8A76-378C-A46C-BDDF75A3C999}</UniqueIdentifier>
    </Filter>
    <Filter Include="renderer\upsampler">
      <UniqueIdentifier>{1C512683-51FA-307B-93B8-F19EDA521D05}</UniqueIdentifier>
    </Filter>
    <Filter Include="renderer\voice">
      <UniqueIdentifier>{3A1307EF-8FB3-350F-8838-CD453E304869}</UniqueIdentifier>
    </Filter>
    <Filter Include="sink">
      <UniqueIdentifier>{9B7A12C9-FDB5-3E45-A8A8-8D37F6EBF73F}</UniqueIdentifier>
    </Filter>
  </ItemGroup>
</Project>
