<?xml version="1.0" encoding="utf-8"?>
<Project ToolsVersion="17.0" xmlns="http://schemas.microsoft.com/developer/msbuild/2003">
  <ItemGroup>
    <ClCompile Include="F:\custom-build\Yuzu-1703\src\video_core\CMakeFiles\video_core.dir\cmake_pch.cxx">
      <Filter>Other Files</Filter>
    </ClCompile>
    <ClCompile Include="C:\Users\curti\yuzu\src\video_core\buffer_cache\buffer_cache.cpp">
      <Filter>buffer_cache</Filter>
    </ClCompile>
    <ClCompile Include="C:\Users\curti\yuzu\src\video_core\cdma_pusher.cpp" />
    <ClCompile Include="C:\Users\curti\yuzu\src\video_core\compatible_formats.cpp" />
    <ClCompile Include="C:\Users\curti\yuzu\src\video_core\control\channel_state.cpp">
      <Filter>control</Filter>
    </ClCompile>
    <ClCompile Include="C:\Users\curti\yuzu\src\video_core\control\channel_state_cache.cpp">
      <Filter>control</Filter>
    </ClCompile>
    <ClCompile Include="C:\Users\curti\yuzu\src\video_core\control\scheduler.cpp">
      <Filter>control</Filter>
    </ClCompile>
    <ClCompile Include="C:\Users\curti\yuzu\src\video_core\dirty_flags.cpp" />
    <ClCompile Include="C:\Users\curti\yuzu\src\video_core\dma_pusher.cpp" />
    <ClCompile Include="C:\Users\curti\yuzu\src\video_core\engines\sw_blitter\blitter.cpp">
      <Filter>engines\sw_blitter</Filter>
    </ClCompile>
    <ClCompile Include="C:\Users\curti\yuzu\src\video_core\engines\sw_blitter\converter.cpp">
      <Filter>engines\sw_blitter</Filter>
    </ClCompile>
    <ClCompile Include="C:\Users\curti\yuzu\src\video_core\engines\draw_manager.cpp">
      <Filter>engines</Filter>
    </ClCompile>
    <ClCompile Include="C:\Users\curti\yuzu\src\video_core\engines\engine_upload.cpp">
      <Filter>engines</Filter>
    </ClCompile>
    <ClCompile Include="C:\Users\curti\yuzu\src\video_core\engines\fermi_2d.cpp">
      <Filter>engines</Filter>
    </ClCompile>
    <ClCompile Include="C:\Users\curti\yuzu\src\video_core\engines\kepler_compute.cpp">
      <Filter>engines</Filter>
    </ClCompile>
    <ClCompile Include="C:\Users\curti\yuzu\src\video_core\engines\kepler_memory.cpp">
      <Filter>engines</Filter>
    </ClCompile>
    <ClCompile Include="C:\Users\curti\yuzu\src\video_core\engines\maxwell_3d.cpp">
      <Filter>engines</Filter>
    </ClCompile>
    <ClCompile Include="C:\Users\curti\yuzu\src\video_core\engines\maxwell_dma.cpp">
      <Filter>engines</Filter>
    </ClCompile>
    <ClCompile Include="C:\Users\curti\yuzu\src\video_core\engines\puller.cpp">
      <Filter>engines</Filter>
    </ClCompile>
    <ClCompile Include="C:\Users\curti\yuzu\src\video_core\framebuffer_config.cpp" />
    <ClCompile Include="C:\Users\curti\yuzu\src\video_core\fsr.cpp" />
    <ClCompile Include="C:\Users\curti\yuzu\src\video_core\host1x\codecs\codec.cpp">
      <Filter>host1x\codecs</Filter>
    </ClCompile>
    <ClCompile Include="C:\Users\curti\yuzu\src\video_core\host1x\codecs\h264.cpp">
      <Filter>host1x\codecs</Filter>
    </ClCompile>
    <ClCompile Include="C:\Users\curti\yuzu\src\video_core\host1x\codecs\vp8.cpp">
      <Filter>host1x\codecs</Filter>
    </ClCompile>
    <ClCompile Include="C:\Users\curti\yuzu\src\video_core\host1x\codecs\vp9.cpp">
      <Filter>host1x\codecs</Filter>
    </ClCompile>
    <ClCompile Include="C:\Users\curti\yuzu\src\video_core\host1x\ffmpeg\ffmpeg.cpp">
      <Filter>host1x\ffmpeg</Filter>
    </ClCompile>
    <ClCompile Include="C:\Users\curti\yuzu\src\video_core\host1x\control.cpp">
      <Filter>host1x</Filter>
    </ClCompile>
    <ClCompile Include="C:\Users\curti\yuzu\src\video_core\host1x\gpu_device_memory_manager.cpp">
      <Filter>host1x</Filter>
    </ClCompile>
    <ClCompile Include="C:\Users\curti\yuzu\src\video_core\host1x\host1x.cpp">
      <Filter>host1x</Filter>
    </ClCompile>
    <ClCompile Include="C:\Users\curti\yuzu\src\video_core\host1x\nvdec.cpp">
      <Filter>host1x</Filter>
    </ClCompile>
    <ClCompile Include="C:\Users\curti\yuzu\src\video_core\host1x\sync_manager.cpp">
      <Filter>host1x</Filter>
    </ClCompile>
    <ClCompile Include="C:\Users\curti\yuzu\src\video_core\host1x\syncpoint_manager.cpp">
      <Filter>host1x</Filter>
    </ClCompile>
    <ClCompile Include="C:\Users\curti\yuzu\src\video_core\host1x\vic.cpp">
      <Filter>host1x</Filter>
    </ClCompile>
    <ClCompile Include="C:\Users\curti\yuzu\src\video_core\macro\macro.cpp">
      <Filter>macro</Filter>
    </ClCompile>
    <ClCompile Include="C:\Users\curti\yuzu\src\video_core\macro\macro_hle.cpp">
      <Filter>macro</Filter>
    </ClCompile>
    <ClCompile Include="C:\Users\curti\yuzu\src\video_core\macro\macro_interpreter.cpp">
      <Filter>macro</Filter>
    </ClCompile>
    <ClCompile Include="C:\Users\curti\yuzu\src\video_core\gpu.cpp" />
    <ClCompile Include="C:\Users\curti\yuzu\src\video_core\gpu_thread.cpp" />
    <ClCompile Include="C:\Users\curti\yuzu\src\video_core\memory_manager.cpp" />
    <ClCompile Include="C:\Users\curti\yuzu\src\video_core\renderer_base.cpp" />
    <ClCompile Include="C:\Users\curti\yuzu\src\video_core\renderer_null\null_rasterizer.cpp">
      <Filter>renderer_null</Filter>
    </ClCompile>
    <ClCompile Include="C:\Users\curti\yuzu\src\video_core\renderer_null\renderer_null.cpp">
      <Filter>renderer_null</Filter>
    </ClCompile>
    <ClCompile Include="C:\Users\curti\yuzu\src\video_core\renderer_opengl\present\filters.cpp">
      <Filter>renderer_opengl\present</Filter>
    </ClCompile>
    <ClCompile Include="C:\Users\curti\yuzu\src\video_core\renderer_opengl\present\fsr.cpp">
      <Filter>renderer_opengl\present</Filter>
    </ClCompile>
    <ClCompile Include="C:\Users\curti\yuzu\src\video_core\renderer_opengl\present\fxaa.cpp">
      <Filter>renderer_opengl\present</Filter>
    </ClCompile>
    <ClCompile Include="C:\Users\curti\yuzu\src\video_core\renderer_opengl\present\layer.cpp">
      <Filter>renderer_opengl\present</Filter>
    </ClCompile>
    <ClCompile Include="C:\Users\curti\yuzu\src\video_core\renderer_opengl\present\smaa.cpp">
      <Filter>renderer_opengl\present</Filter>
    </ClCompile>
    <ClCompile Include="C:\Users\curti\yuzu\src\video_core\renderer_opengl\present\window_adapt_pass.cpp">
      <Filter>renderer_opengl\present</Filter>
    </ClCompile>
    <ClCompile Include="C:\Users\curti\yuzu\src\video_core\renderer_opengl\blit_image.cpp">
      <Filter>renderer_opengl</Filter>
    </ClCompile>
    <ClCompile Include="C:\Users\curti\yuzu\src\video_core\renderer_opengl\gl_blit_screen.cpp">
      <Filter>renderer_opengl</Filter>
    </ClCompile>
    <ClCompile Include="C:\Users\curti\yuzu\src\video_core\renderer_opengl\gl_buffer_cache_base.cpp">
      <Filter>renderer_opengl</Filter>
    </ClCompile>
    <ClCompile Include="C:\Users\curti\yuzu\src\video_core\renderer_opengl\gl_buffer_cache.cpp">
      <Filter>renderer_opengl</Filter>
    </ClCompile>
    <ClCompile Include="C:\Users\curti\yuzu\src\video_core\renderer_opengl\gl_compute_pipeline.cpp">
      <Filter>renderer_opengl</Filter>
    </ClCompile>
    <ClCompile Include="C:\Users\curti\yuzu\src\video_core\renderer_opengl\gl_device.cpp">
      <Filter>renderer_opengl</Filter>
    </ClCompile>
    <ClCompile Include="C:\Users\curti\yuzu\src\video_core\renderer_opengl\gl_fence_manager.cpp">
      <Filter>renderer_opengl</Filter>
    </ClCompile>
    <ClCompile Include="C:\Users\curti\yuzu\src\video_core\renderer_opengl\gl_graphics_pipeline.cpp">
      <Filter>renderer_opengl</Filter>
    </ClCompile>
    <ClCompile Include="C:\Users\curti\yuzu\src\video_core\renderer_opengl\gl_rasterizer.cpp">
      <Filter>renderer_opengl</Filter>
    </ClCompile>
    <ClCompile Include="C:\Users\curti\yuzu\src\video_core\renderer_opengl\gl_resource_manager.cpp">
      <Filter>renderer_opengl</Filter>
    </ClCompile>
    <ClCompile Include="C:\Users\curti\yuzu\src\video_core\renderer_opengl\gl_shader_cache.cpp">
      <Filter>renderer_opengl</Filter>
    </ClCompile>
    <ClCompile Include="C:\Users\curti\yuzu\src\video_core\renderer_opengl\gl_shader_manager.cpp">
      <Filter>renderer_opengl</Filter>
    </ClCompile>
    <ClCompile Include="C:\Users\curti\yuzu\src\video_core\renderer_opengl\gl_shader_util.cpp">
      <Filter>renderer_opengl</Filter>
    </ClCompile>
    <ClCompile Include="C:\Users\curti\yuzu\src\video_core\renderer_opengl\gl_state_tracker.cpp">
      <Filter>renderer_opengl</Filter>
    </ClCompile>
    <ClCompile Include="C:\Users\curti\yuzu\src\video_core\renderer_opengl\gl_staging_buffer_pool.cpp">
      <Filter>renderer_opengl</Filter>
    </ClCompile>
    <ClCompile Include="C:\Users\curti\yuzu\src\video_core\renderer_opengl\gl_texture_cache.cpp">
      <Filter>renderer_opengl</Filter>
    </ClCompile>
    <ClCompile Include="C:\Users\curti\yuzu\src\video_core\renderer_opengl\gl_texture_cache_base.cpp">
      <Filter>renderer_opengl</Filter>
    </ClCompile>
    <ClCompile Include="C:\Users\curti\yuzu\src\video_core\renderer_opengl\gl_query_cache.cpp">
      <Filter>renderer_opengl</Filter>
    </ClCompile>
    <ClCompile Include="C:\Users\curti\yuzu\src\video_core\renderer_opengl\renderer_opengl.cpp">
      <Filter>renderer_opengl</Filter>
    </ClCompile>
    <ClCompile Include="C:\Users\curti\yuzu\src\video_core\renderer_opengl\util_shaders.cpp">
      <Filter>renderer_opengl</Filter>
    </ClCompile>
    <ClCompile Include="C:\Users\curti\yuzu\src\video_core\renderer_vulkan\present\filters.cpp">
      <Filter>renderer_vulkan\present</Filter>
    </ClCompile>
    <ClCompile Include="C:\Users\curti\yuzu\src\video_core\renderer_vulkan\present\fsr.cpp">
      <Filter>renderer_vulkan\present</Filter>
    </ClCompile>
    <ClCompile Include="C:\Users\curti\yuzu\src\video_core\renderer_vulkan\present\fxaa.cpp">
      <Filter>renderer_vulkan\present</Filter>
    </ClCompile>
    <ClCompile Include="C:\Users\curti\yuzu\src\video_core\renderer_vulkan\present\layer.cpp">
      <Filter>renderer_vulkan\present</Filter>
    </ClCompile>
    <ClCompile Include="C:\Users\curti\yuzu\src\video_core\renderer_vulkan\present\smaa.cpp">
      <Filter>renderer_vulkan\present</Filter>
    </ClCompile>
    <ClCompile Include="C:\Users\curti\yuzu\src\video_core\renderer_vulkan\present\util.cpp">
      <Filter>renderer_vulkan\present</Filter>
    </ClCompile>
    <ClCompile Include="C:\Users\curti\yuzu\src\video_core\renderer_vulkan\present\window_adapt_pass.cpp">
      <Filter>renderer_vulkan\present</Filter>
    </ClCompile>
    <ClCompile Include="C:\Users\curti\yuzu\src\video_core\renderer_vulkan\blit_image.cpp">
      <Filter>renderer_vulkan</Filter>
    </ClCompile>
    <ClCompile Include="C:\Users\curti\yuzu\src\video_core\renderer_vulkan\fixed_pipeline_state.cpp">
      <Filter>renderer_vulkan</Filter>
    </ClCompile>
    <ClCompile Include="C:\Users\curti\yuzu\src\video_core\renderer_vulkan\maxwell_to_vk.cpp">
      <Filter>renderer_vulkan</Filter>
    </ClCompile>
    <ClCompile Include="C:\Users\curti\yuzu\src\video_core\renderer_vulkan\pipeline_statistics.cpp">
      <Filter>renderer_vulkan</Filter>
    </ClCompile>
    <ClCompile Include="C:\Users\curti\yuzu\src\video_core\renderer_vulkan\renderer_vulkan.cpp">
      <Filter>renderer_vulkan</Filter>
    </ClCompile>
    <ClCompile Include="C:\Users\curti\yuzu\src\video_core\renderer_vulkan\vk_blit_screen.cpp">
      <Filter>renderer_vulkan</Filter>
    </ClCompile>
    <ClCompile Include="C:\Users\curti\yuzu\src\video_core\renderer_vulkan\vk_buffer_cache_base.cpp">
      <Filter>renderer_vulkan</Filter>
    </ClCompile>
    <ClCompile Include="C:\Users\curti\yuzu\src\video_core\renderer_vulkan\vk_buffer_cache.cpp">
      <Filter>renderer_vulkan</Filter>
    </ClCompile>
    <ClCompile Include="C:\Users\curti\yuzu\src\video_core\renderer_vulkan\vk_command_pool.cpp">
      <Filter>renderer_vulkan</Filter>
    </ClCompile>
    <ClCompile Include="C:\Users\curti\yuzu\src\video_core\renderer_vulkan\vk_compute_pass.cpp">
      <Filter>renderer_vulkan</Filter>
    </ClCompile>
    <ClCompile Include="C:\Users\curti\yuzu\src\video_core\renderer_vulkan\vk_compute_pipeline.cpp">
      <Filter>renderer_vulkan</Filter>
    </ClCompile>
    <ClCompile Include="C:\Users\curti\yuzu\src\video_core\renderer_vulkan\vk_descriptor_pool.cpp">
      <Filter>renderer_vulkan</Filter>
    </ClCompile>
    <ClCompile Include="C:\Users\curti\yuzu\src\video_core\renderer_vulkan\vk_fence_manager.cpp">
      <Filter>renderer_vulkan</Filter>
    </ClCompile>
    <ClCompile Include="C:\Users\curti\yuzu\src\video_core\renderer_vulkan\vk_graphics_pipeline.cpp">
      <Filter>renderer_vulkan</Filter>
    </ClCompile>
    <ClCompile Include="C:\Users\curti\yuzu\src\video_core\renderer_vulkan\vk_master_semaphore.cpp">
      <Filter>renderer_vulkan</Filter>
    </ClCompile>
    <ClCompile Include="C:\Users\curti\yuzu\src\video_core\renderer_vulkan\vk_pipeline_cache.cpp">
      <Filter>renderer_vulkan</Filter>
    </ClCompile>
    <ClCompile Include="C:\Users\curti\yuzu\src\video_core\renderer_vulkan\vk_present_manager.cpp">
      <Filter>renderer_vulkan</Filter>
    </ClCompile>
    <ClCompile Include="C:\Users\curti\yuzu\src\video_core\renderer_vulkan\vk_query_cache.cpp">
      <Filter>renderer_vulkan</Filter>
    </ClCompile>
    <ClCompile Include="C:\Users\curti\yuzu\src\video_core\renderer_vulkan\vk_rasterizer.cpp">
      <Filter>renderer_vulkan</Filter>
    </ClCompile>
    <ClCompile Include="C:\Users\curti\yuzu\src\video_core\renderer_vulkan\vk_render_pass_cache.cpp">
      <Filter>renderer_vulkan</Filter>
    </ClCompile>
    <ClCompile Include="C:\Users\curti\yuzu\src\video_core\renderer_vulkan\vk_resource_pool.cpp">
      <Filter>renderer_vulkan</Filter>
    </ClCompile>
    <ClCompile Include="C:\Users\curti\yuzu\src\video_core\renderer_vulkan\vk_scheduler.cpp">
      <Filter>renderer_vulkan</Filter>
    </ClCompile>
    <ClCompile Include="C:\Users\curti\yuzu\src\video_core\renderer_vulkan\vk_shader_util.cpp">
      <Filter>renderer_vulkan</Filter>
    </ClCompile>
    <ClCompile Include="C:\Users\curti\yuzu\src\video_core\renderer_vulkan\vk_staging_buffer_pool.cpp">
      <Filter>renderer_vulkan</Filter>
    </ClCompile>
    <ClCompile Include="C:\Users\curti\yuzu\src\video_core\renderer_vulkan\vk_state_tracker.cpp">
      <Filter>renderer_vulkan</Filter>
    </ClCompile>
    <ClCompile Include="C:\Users\curti\yuzu\src\video_core\renderer_vulkan\vk_swapchain.cpp">
      <Filter>renderer_vulkan</Filter>
    </ClCompile>
    <ClCompile Include="C:\Users\curti\yuzu\src\video_core\renderer_vulkan\vk_texture_cache.cpp">
      <Filter>renderer_vulkan</Filter>
    </ClCompile>
    <ClCompile Include="C:\Users\curti\yuzu\src\video_core\renderer_vulkan\vk_texture_cache_base.cpp">
      <Filter>renderer_vulkan</Filter>
    </ClCompile>
    <ClCompile Include="C:\Users\curti\yuzu\src\video_core\renderer_vulkan\vk_turbo_mode.cpp">
      <Filter>renderer_vulkan</Filter>
    </ClCompile>
    <ClCompile Include="C:\Users\curti\yuzu\src\video_core\renderer_vulkan\vk_update_descriptor.cpp">
      <Filter>renderer_vulkan</Filter>
    </ClCompile>
    <ClCompile Include="C:\Users\curti\yuzu\src\video_core\shader_cache.cpp" />
    <ClCompile Include="C:\Users\curti\yuzu\src\video_core\shader_environment.cpp" />
    <ClCompile Include="C:\Users\curti\yuzu\src\video_core\shader_notify.cpp" />
    <ClCompile Include="C:\Users\curti\yuzu\src\video_core\surface.cpp" />
    <ClCompile Include="C:\Users\curti\yuzu\src\video_core\texture_cache\accelerated_swizzle.cpp">
      <Filter>texture_cache</Filter>
    </ClCompile>
    <ClCompile Include="C:\Users\curti\yuzu\src\video_core\texture_cache\decode_bc.cpp">
      <Filter>texture_cache</Filter>
    </ClCompile>
    <ClCompile Include="C:\Users\curti\yuzu\src\video_core\texture_cache\formatter.cpp">
      <Filter>texture_cache</Filter>
    </ClCompile>
    <ClCompile Include="C:\Users\curti\yuzu\src\video_core\texture_cache\format_lookup_table.cpp">
      <Filter>texture_cache</Filter>
    </ClCompile>
    <ClCompile Include="C:\Users\curti\yuzu\src\video_core\texture_cache\image_base.cpp">
      <Filter>texture_cache</Filter>
    </ClCompile>
    <ClCompile Include="C:\Users\curti\yuzu\src\video_core\texture_cache\image_info.cpp">
      <Filter>texture_cache</Filter>
    </ClCompile>
    <ClCompile Include="C:\Users\curti\yuzu\src\video_core\texture_cache\image_view_base.cpp">
      <Filter>texture_cache</Filter>
    </ClCompile>
    <ClCompile Include="C:\Users\curti\yuzu\src\video_core\texture_cache\image_view_info.cpp">
      <Filter>texture_cache</Filter>
    </ClCompile>
    <ClCompile Include="C:\Users\curti\yuzu\src\video_core\texture_cache\texture_cache.cpp">
      <Filter>texture_cache</Filter>
    </ClCompile>
    <ClCompile Include="C:\Users\curti\yuzu\src\video_core\texture_cache\util.cpp">
      <Filter>texture_cache</Filter>
    </ClCompile>
    <ClCompile Include="C:\Users\curti\yuzu\src\video_core\textures\astc.cpp">
      <Filter>textures</Filter>
    </ClCompile>
    <ClCompile Include="C:\Users\curti\yuzu\src\video_core\textures\bcn.cpp">
      <Filter>textures</Filter>
    </ClCompile>
    <ClCompile Include="C:\Users\curti\yuzu\src\video_core\textures\decoders.cpp">
      <Filter>textures</Filter>
    </ClCompile>
    <ClCompile Include="C:\Users\curti\yuzu\src\video_core\textures\texture.cpp">
      <Filter>textures</Filter>
    </ClCompile>
    <ClCompile Include="C:\Users\curti\yuzu\src\video_core\textures\workers.cpp">
      <Filter>textures</Filter>
    </ClCompile>
    <ClCompile Include="C:\Users\curti\yuzu\src\video_core\transform_feedback.cpp" />
    <ClCompile Include="C:\Users\curti\yuzu\src\video_core\video_core.cpp" />
    <ClCompile Include="C:\Users\curti\yuzu\src\video_core\vulkan_common\vulkan_debug_callback.cpp">
      <Filter>vulkan_common</Filter>
    </ClCompile>
    <ClCompile Include="C:\Users\curti\yuzu\src\video_core\vulkan_common\vulkan_device.cpp">
      <Filter>vulkan_common</Filter>
    </ClCompile>
    <ClCompile Include="C:\Users\curti\yuzu\src\video_core\vulkan_common\vulkan_instance.cpp">
      <Filter>vulkan_common</Filter>
    </ClCompile>
    <ClCompile Include="C:\Users\curti\yuzu\src\video_core\vulkan_common\vulkan_library.cpp">
      <Filter>vulkan_common</Filter>
    </ClCompile>
    <ClCompile Include="C:\Users\curti\yuzu\src\video_core\vulkan_common\vulkan_memory_allocator.cpp">
      <Filter>vulkan_common</Filter>
    </ClCompile>
    <ClCompile Include="C:\Users\curti\yuzu\src\video_core\vulkan_common\vulkan_surface.cpp">
      <Filter>vulkan_common</Filter>
    </ClCompile>
    <ClCompile Include="C:\Users\curti\yuzu\src\video_core\vulkan_common\vulkan_wrapper.cpp">
      <Filter>vulkan_common</Filter>
    </ClCompile>
    <ClCompile Include="C:\Users\curti\yuzu\src\video_core\vulkan_common\nsight_aftermath_tracker.cpp">
      <Filter>vulkan_common</Filter>
    </ClCompile>
    <ClCompile Include="C:\Users\curti\yuzu\src\video_core\vulkan_common\vma.cpp">
      <Filter>vulkan_common</Filter>
    </ClCompile>
    <ClCompile Include="C:\Users\curti\yuzu\src\video_core\macro\macro_jit_x64.cpp">
      <Filter>macro</Filter>
    </ClCompile>
  </ItemGroup>
  <ItemGroup>
    <ClInclude Include="C:\Users\curti\yuzu\src\video_core\buffer_cache\buffer_base.h">
      <Filter>buffer_cache</Filter>
    </ClInclude>
    <ClInclude Include="C:\Users\curti\yuzu\src\video_core\buffer_cache\buffer_cache_base.h">
      <Filter>buffer_cache</Filter>
    </ClInclude>
    <ClInclude Include="C:\Users\curti\yuzu\src\video_core\buffer_cache\buffer_cache.h">
      <Filter>buffer_cache</Filter>
    </ClInclude>
    <ClInclude Include="C:\Users\curti\yuzu\src\video_core\buffer_cache\memory_tracker_base.h">
      <Filter>buffer_cache</Filter>
    </ClInclude>
    <ClInclude Include="C:\Users\curti\yuzu\src\video_core\buffer_cache\usage_tracker.h">
      <Filter>buffer_cache</Filter>
    </ClInclude>
    <ClInclude Include="C:\Users\curti\yuzu\src\video_core\buffer_cache\word_manager.h">
      <Filter>buffer_cache</Filter>
    </ClInclude>
    <ClInclude Include="C:\Users\curti\yuzu\src\video_core\cache_types.h" />
    <ClInclude Include="C:\Users\curti\yuzu\src\video_core\cdma_pusher.h" />
    <ClInclude Include="C:\Users\curti\yuzu\src\video_core\compatible_formats.h" />
    <ClInclude Include="C:\Users\curti\yuzu\src\video_core\control\channel_state.h">
      <Filter>control</Filter>
    </ClInclude>
    <ClInclude Include="C:\Users\curti\yuzu\src\video_core\control\channel_state_cache.h">
      <Filter>control</Filter>
    </ClInclude>
    <ClInclude Include="C:\Users\curti\yuzu\src\video_core\control\scheduler.h">
      <Filter>control</Filter>
    </ClInclude>
    <ClInclude Include="C:\Users\curti\yuzu\src\video_core\delayed_destruction_ring.h" />
    <ClInclude Include="C:\Users\curti\yuzu\src\video_core\dirty_flags.h" />
    <ClInclude Include="C:\Users\curti\yuzu\src\video_core\dma_pusher.h" />
    <ClInclude Include="C:\Users\curti\yuzu\src\video_core\engines\sw_blitter\blitter.h">
      <Filter>engines\sw_blitter</Filter>
    </ClInclude>
    <ClInclude Include="C:\Users\curti\yuzu\src\video_core\engines\sw_blitter\converter.h">
      <Filter>engines\sw_blitter</Filter>
    </ClInclude>
    <ClInclude Include="C:\Users\curti\yuzu\src\video_core\engines\const_buffer_info.h">
      <Filter>engines</Filter>
    </ClInclude>
    <ClInclude Include="C:\Users\curti\yuzu\src\video_core\engines\draw_manager.h">
      <Filter>engines</Filter>
    </ClInclude>
    <ClInclude Include="C:\Users\curti\yuzu\src\video_core\engines\engine_interface.h">
      <Filter>engines</Filter>
    </ClInclude>
    <ClInclude Include="C:\Users\curti\yuzu\src\video_core\engines\engine_upload.h">
      <Filter>engines</Filter>
    </ClInclude>
    <ClInclude Include="C:\Users\curti\yuzu\src\video_core\engines\fermi_2d.h">
      <Filter>engines</Filter>
    </ClInclude>
    <ClInclude Include="C:\Users\curti\yuzu\src\video_core\engines\kepler_compute.h">
      <Filter>engines</Filter>
    </ClInclude>
    <ClInclude Include="C:\Users\curti\yuzu\src\video_core\engines\kepler_memory.h">
      <Filter>engines</Filter>
    </ClInclude>
    <ClInclude Include="C:\Users\curti\yuzu\src\video_core\engines\maxwell_3d.h">
      <Filter>engines</Filter>
    </ClInclude>
    <ClInclude Include="C:\Users\curti\yuzu\src\video_core\engines\maxwell_dma.h">
      <Filter>engines</Filter>
    </ClInclude>
    <ClInclude Include="C:\Users\curti\yuzu\src\video_core\engines\puller.h">
      <Filter>engines</Filter>
    </ClInclude>
    <ClInclude Include="C:\Users\curti\yuzu\src\video_core\framebuffer_config.h" />
    <ClInclude Include="C:\Users\curti\yuzu\src\video_core\fsr.h" />
    <ClInclude Include="C:\Users\curti\yuzu\src\video_core\host1x\codecs\codec.h">
      <Filter>host1x\codecs</Filter>
    </ClInclude>
    <ClInclude Include="C:\Users\curti\yuzu\src\video_core\host1x\codecs\h264.h">
      <Filter>host1x\codecs</Filter>
    </ClInclude>
    <ClInclude Include="C:\Users\curti\yuzu\src\video_core\host1x\codecs\vp8.h">
      <Filter>host1x\codecs</Filter>
    </ClInclude>
    <ClInclude Include="C:\Users\curti\yuzu\src\video_core\host1x\codecs\vp9.h">
      <Filter>host1x\codecs</Filter>
    </ClInclude>
    <ClInclude Include="C:\Users\curti\yuzu\src\video_core\host1x\codecs\vp9_types.h">
      <Filter>host1x\codecs</Filter>
    </ClInclude>
    <ClInclude Include="C:\Users\curti\yuzu\src\video_core\host1x\ffmpeg\ffmpeg.h">
      <Filter>host1x\ffmpeg</Filter>
    </ClInclude>
    <ClInclude Include="C:\Users\curti\yuzu\src\video_core\host1x\control.h">
      <Filter>host1x</Filter>
    </ClInclude>
    <ClInclude Include="C:\Users\curti\yuzu\src\video_core\host1x\gpu_device_memory_manager.h">
      <Filter>host1x</Filter>
    </ClInclude>
    <ClInclude Include="C:\Users\curti\yuzu\src\video_core\host1x\host1x.h">
      <Filter>host1x</Filter>
    </ClInclude>
    <ClInclude Include="C:\Users\curti\yuzu\src\video_core\host1x\nvdec.h">
      <Filter>host1x</Filter>
    </ClInclude>
    <ClInclude Include="C:\Users\curti\yuzu\src\video_core\host1x\nvdec_common.h">
      <Filter>host1x</Filter>
    </ClInclude>
    <ClInclude Include="C:\Users\curti\yuzu\src\video_core\host1x\sync_manager.h">
      <Filter>host1x</Filter>
    </ClInclude>
    <ClInclude Include="C:\Users\curti\yuzu\src\video_core\host1x\syncpoint_manager.h">
      <Filter>host1x</Filter>
    </ClInclude>
    <ClInclude Include="C:\Users\curti\yuzu\src\video_core\host1x\vic.h">
      <Filter>host1x</Filter>
    </ClInclude>
    <ClInclude Include="C:\Users\curti\yuzu\src\video_core\macro\macro.h">
      <Filter>macro</Filter>
    </ClInclude>
    <ClInclude Include="C:\Users\curti\yuzu\src\video_core\macro\macro_hle.h">
      <Filter>macro</Filter>
    </ClInclude>
    <ClInclude Include="C:\Users\curti\yuzu\src\video_core\macro\macro_interpreter.h">
      <Filter>macro</Filter>
    </ClInclude>
    <ClInclude Include="C:\Users\curti\yuzu\src\video_core\fence_manager.h" />
    <ClInclude Include="C:\Users\curti\yuzu\src\video_core\gpu.h" />
    <ClInclude Include="C:\Users\curti\yuzu\src\video_core\gpu_thread.h" />
    <ClInclude Include="C:\Users\curti\yuzu\src\video_core\guest_memory.h" />
    <ClInclude Include="C:\Users\curti\yuzu\src\video_core\invalidation_accumulator.h" />
    <ClInclude Include="C:\Users\curti\yuzu\src\video_core\memory_manager.h" />
    <ClInclude Include="C:\Users\curti\yuzu\src\video_core\precompiled_headers.h" />
    <ClInclude Include="C:\Users\curti\yuzu\src\video_core\pte_kind.h" />
    <ClInclude Include="C:\Users\curti\yuzu\src\video_core\query_cache\bank_base.h">
      <Filter>query_cache</Filter>
    </ClInclude>
    <ClInclude Include="C:\Users\curti\yuzu\src\video_core\query_cache\query_base.h">
      <Filter>query_cache</Filter>
    </ClInclude>
    <ClInclude Include="C:\Users\curti\yuzu\src\video_core\query_cache\query_cache_base.h">
      <Filter>query_cache</Filter>
    </ClInclude>
    <ClInclude Include="C:\Users\curti\yuzu\src\video_core\query_cache\query_cache.h">
      <Filter>query_cache</Filter>
    </ClInclude>
    <ClInclude Include="C:\Users\curti\yuzu\src\video_core\query_cache\query_stream.h">
      <Filter>query_cache</Filter>
    </ClInclude>
    <ClInclude Include="C:\Users\curti\yuzu\src\video_core\query_cache\types.h">
      <Filter>query_cache</Filter>
    </ClInclude>
    <ClInclude Include="C:\Users\curti\yuzu\src\video_core\query_cache.h" />
    <ClInclude Include="C:\Users\curti\yuzu\src\video_core\rasterizer_interface.h" />
    <ClInclude Include="C:\Users\curti\yuzu\src\video_core\renderer_base.h" />
    <ClInclude Include="C:\Users\curti\yuzu\src\video_core\renderer_null\null_rasterizer.h">
      <Filter>renderer_null</Filter>
    </ClInclude>
    <ClInclude Include="C:\Users\curti\yuzu\src\video_core\renderer_null\renderer_null.h">
      <Filter>renderer_null</Filter>
    </ClInclude>
    <ClInclude Include="C:\Users\curti\yuzu\src\video_core\renderer_opengl\present\filters.h">
      <Filter>renderer_opengl\present</Filter>
    </ClInclude>
    <ClInclude Include="C:\Users\curti\yuzu\src\video_core\renderer_opengl\present\fsr.h">
      <Filter>renderer_opengl\present</Filter>
    </ClInclude>
    <ClInclude Include="C:\Users\curti\yuzu\src\video_core\renderer_opengl\present\fxaa.h">
      <Filter>renderer_opengl\present</Filter>
    </ClInclude>
    <ClInclude Include="C:\Users\curti\yuzu\src\video_core\renderer_opengl\present\layer.h">
      <Filter>renderer_opengl\present</Filter>
    </ClInclude>
    <ClInclude Include="C:\Users\curti\yuzu\src\video_core\renderer_opengl\present\present_uniforms.h">
      <Filter>renderer_opengl\present</Filter>
    </ClInclude>
    <ClInclude Include="C:\Users\curti\yuzu\src\video_core\renderer_opengl\present\smaa.h">
      <Filter>renderer_opengl\present</Filter>
    </ClInclude>
    <ClInclude Include="C:\Users\curti\yuzu\src\video_core\renderer_opengl\present\util.h">
      <Filter>renderer_opengl\present</Filter>
    </ClInclude>
    <ClInclude Include="C:\Users\curti\yuzu\src\video_core\renderer_opengl\present\window_adapt_pass.h">
      <Filter>renderer_opengl\present</Filter>
    </ClInclude>
    <ClInclude Include="C:\Users\curti\yuzu\src\video_core\renderer_opengl\blit_image.h">
      <Filter>renderer_opengl</Filter>
    </ClInclude>
    <ClInclude Include="C:\Users\curti\yuzu\src\video_core\renderer_opengl\gl_blit_screen.h">
      <Filter>renderer_opengl</Filter>
    </ClInclude>
    <ClInclude Include="C:\Users\curti\yuzu\src\video_core\renderer_opengl\gl_buffer_cache.h">
      <Filter>renderer_opengl</Filter>
    </ClInclude>
    <ClInclude Include="C:\Users\curti\yuzu\src\video_core\renderer_opengl\gl_compute_pipeline.h">
      <Filter>renderer_opengl</Filter>
    </ClInclude>
    <ClInclude Include="C:\Users\curti\yuzu\src\video_core\renderer_opengl\gl_device.h">
      <Filter>renderer_opengl</Filter>
    </ClInclude>
    <ClInclude Include="C:\Users\curti\yuzu\src\video_core\renderer_opengl\gl_fence_manager.h">
      <Filter>renderer_opengl</Filter>
    </ClInclude>
    <ClInclude Include="C:\Users\curti\yuzu\src\video_core\renderer_opengl\gl_graphics_pipeline.h">
      <Filter>renderer_opengl</Filter>
    </ClInclude>
    <ClInclude Include="C:\Users\curti\yuzu\src\video_core\renderer_opengl\gl_rasterizer.h">
      <Filter>renderer_opengl</Filter>
    </ClInclude>
    <ClInclude Include="C:\Users\curti\yuzu\src\video_core\renderer_opengl\gl_resource_manager.h">
      <Filter>renderer_opengl</Filter>
    </ClInclude>
    <ClInclude Include="C:\Users\curti\yuzu\src\video_core\renderer_opengl\gl_shader_cache.h">
      <Filter>renderer_opengl</Filter>
    </ClInclude>
    <ClInclude Include="C:\Users\curti\yuzu\src\video_core\renderer_opengl\gl_shader_manager.h">
      <Filter>renderer_opengl</Filter>
    </ClInclude>
    <ClInclude Include="C:\Users\curti\yuzu\src\video_core\renderer_opengl\gl_shader_context.h">
      <Filter>renderer_opengl</Filter>
    </ClInclude>
    <ClInclude Include="C:\Users\curti\yuzu\src\video_core\renderer_opengl\gl_shader_util.h">
      <Filter>renderer_opengl</Filter>
    </ClInclude>
    <ClInclude Include="C:\Users\curti\yuzu\src\video_core\renderer_opengl\gl_state_tracker.h">
      <Filter>renderer_opengl</Filter>
    </ClInclude>
    <ClInclude Include="C:\Users\curti\yuzu\src\video_core\renderer_opengl\gl_staging_buffer_pool.h">
      <Filter>renderer_opengl</Filter>
    </ClInclude>
    <ClInclude Include="C:\Users\curti\yuzu\src\video_core\renderer_opengl\gl_texture_cache.h">
      <Filter>renderer_opengl</Filter>
    </ClInclude>
    <ClInclude Include="C:\Users\curti\yuzu\src\video_core\renderer_opengl\gl_query_cache.h">
      <Filter>renderer_opengl</Filter>
    </ClInclude>
    <ClInclude Include="C:\Users\curti\yuzu\src\video_core\renderer_opengl\maxwell_to_gl.h">
      <Filter>renderer_opengl</Filter>
    </ClInclude>
    <ClInclude Include="C:\Users\curti\yuzu\src\video_core\renderer_opengl\renderer_opengl.h">
      <Filter>renderer_opengl</Filter>
    </ClInclude>
    <ClInclude Include="C:\Users\curti\yuzu\src\video_core\renderer_opengl\util_shaders.h">
      <Filter>renderer_opengl</Filter>
    </ClInclude>
    <ClInclude Include="C:\Users\curti\yuzu\src\video_core\renderer_vulkan\present\anti_alias_pass.h">
      <Filter>renderer_vulkan\present</Filter>
    </ClInclude>
    <ClInclude Include="C:\Users\curti\yuzu\src\video_core\renderer_vulkan\present\filters.h">
      <Filter>renderer_vulkan\present</Filter>
    </ClInclude>
    <ClInclude Include="C:\Users\curti\yuzu\src\video_core\renderer_vulkan\present\fsr.h">
      <Filter>renderer_vulkan\present</Filter>
    </ClInclude>
    <ClInclude Include="C:\Users\curti\yuzu\src\video_core\renderer_vulkan\present\fxaa.h">
      <Filter>renderer_vulkan\present</Filter>
    </ClInclude>
    <ClInclude Include="C:\Users\curti\yuzu\src\video_core\renderer_vulkan\present\layer.h">
      <Filter>renderer_vulkan\present</Filter>
    </ClInclude>
    <ClInclude Include="C:\Users\curti\yuzu\src\video_core\renderer_vulkan\present\present_push_constants.h">
      <Filter>renderer_vulkan\present</Filter>
    </ClInclude>
    <ClInclude Include="C:\Users\curti\yuzu\src\video_core\renderer_vulkan\present\smaa.h">
      <Filter>renderer_vulkan\present</Filter>
    </ClInclude>
    <ClInclude Include="C:\Users\curti\yuzu\src\video_core\renderer_vulkan\present\util.h">
      <Filter>renderer_vulkan\present</Filter>
    </ClInclude>
    <ClInclude Include="C:\Users\curti\yuzu\src\video_core\renderer_vulkan\present\window_adapt_pass.h">
      <Filter>renderer_vulkan\present</Filter>
    </ClInclude>
    <ClInclude Include="C:\Users\curti\yuzu\src\video_core\renderer_vulkan\blit_image.h">
      <Filter>renderer_vulkan</Filter>
    </ClInclude>
    <ClInclude Include="C:\Users\curti\yuzu\src\video_core\renderer_vulkan\fixed_pipeline_state.h">
      <Filter>renderer_vulkan</Filter>
    </ClInclude>
    <ClInclude Include="C:\Users\curti\yuzu\src\video_core\renderer_vulkan\maxwell_to_vk.h">
      <Filter>renderer_vulkan</Filter>
    </ClInclude>
    <ClInclude Include="C:\Users\curti\yuzu\src\video_core\renderer_vulkan\pipeline_helper.h">
      <Filter>renderer_vulkan</Filter>
    </ClInclude>
    <ClInclude Include="C:\Users\curti\yuzu\src\video_core\renderer_vulkan\pipeline_statistics.h">
      <Filter>renderer_vulkan</Filter>
    </ClInclude>
    <ClInclude Include="C:\Users\curti\yuzu\src\video_core\renderer_vulkan\renderer_vulkan.h">
      <Filter>renderer_vulkan</Filter>
    </ClInclude>
    <ClInclude Include="C:\Users\curti\yuzu\src\video_core\renderer_vulkan\vk_blit_screen.h">
      <Filter>renderer_vulkan</Filter>
    </ClInclude>
    <ClInclude Include="C:\Users\curti\yuzu\src\video_core\renderer_vulkan\vk_buffer_cache.h">
      <Filter>renderer_vulkan</Filter>
    </ClInclude>
    <ClInclude Include="C:\Users\curti\yuzu\src\video_core\renderer_vulkan\vk_command_pool.h">
      <Filter>renderer_vulkan</Filter>
    </ClInclude>
    <ClInclude Include="C:\Users\curti\yuzu\src\video_core\renderer_vulkan\vk_compute_pass.h">
      <Filter>renderer_vulkan</Filter>
    </ClInclude>
    <ClInclude Include="C:\Users\curti\yuzu\src\video_core\renderer_vulkan\vk_compute_pipeline.h">
      <Filter>renderer_vulkan</Filter>
    </ClInclude>
    <ClInclude Include="C:\Users\curti\yuzu\src\video_core\renderer_vulkan\vk_descriptor_pool.h">
      <Filter>renderer_vulkan</Filter>
    </ClInclude>
    <ClInclude Include="C:\Users\curti\yuzu\src\video_core\renderer_vulkan\vk_fence_manager.h">
      <Filter>renderer_vulkan</Filter>
    </ClInclude>
    <ClInclude Include="C:\Users\curti\yuzu\src\video_core\renderer_vulkan\vk_graphics_pipeline.h">
      <Filter>renderer_vulkan</Filter>
    </ClInclude>
    <ClInclude Include="C:\Users\curti\yuzu\src\video_core\renderer_vulkan\vk_master_semaphore.h">
      <Filter>renderer_vulkan</Filter>
    </ClInclude>
    <ClInclude Include="C:\Users\curti\yuzu\src\video_core\renderer_vulkan\vk_pipeline_cache.h">
      <Filter>renderer_vulkan</Filter>
    </ClInclude>
    <ClInclude Include="C:\Users\curti\yuzu\src\video_core\renderer_vulkan\vk_present_manager.h">
      <Filter>renderer_vulkan</Filter>
    </ClInclude>
    <ClInclude Include="C:\Users\curti\yuzu\src\video_core\renderer_vulkan\vk_query_cache.h">
      <Filter>renderer_vulkan</Filter>
    </ClInclude>
    <ClInclude Include="C:\Users\curti\yuzu\src\video_core\renderer_vulkan\vk_rasterizer.h">
      <Filter>renderer_vulkan</Filter>
    </ClInclude>
    <ClInclude Include="C:\Users\curti\yuzu\src\video_core\renderer_vulkan\vk_render_pass_cache.h">
      <Filter>renderer_vulkan</Filter>
    </ClInclude>
    <ClInclude Include="C:\Users\curti\yuzu\src\video_core\renderer_vulkan\vk_resource_pool.h">
      <Filter>renderer_vulkan</Filter>
    </ClInclude>
    <ClInclude Include="C:\Users\curti\yuzu\src\video_core\renderer_vulkan\vk_scheduler.h">
      <Filter>renderer_vulkan</Filter>
    </ClInclude>
    <ClInclude Include="C:\Users\curti\yuzu\src\video_core\renderer_vulkan\vk_shader_util.h">
      <Filter>renderer_vulkan</Filter>
    </ClInclude>
    <ClInclude Include="C:\Users\curti\yuzu\src\video_core\renderer_vulkan\vk_staging_buffer_pool.h">
      <Filter>renderer_vulkan</Filter>
    </ClInclude>
    <ClInclude Include="C:\Users\curti\yuzu\src\video_core\renderer_vulkan\vk_state_tracker.h">
      <Filter>renderer_vulkan</Filter>
    </ClInclude>
    <ClInclude Include="C:\Users\curti\yuzu\src\video_core\renderer_vulkan\vk_swapchain.h">
      <Filter>renderer_vulkan</Filter>
    </ClInclude>
    <ClInclude Include="C:\Users\curti\yuzu\src\video_core\renderer_vulkan\vk_texture_cache.h">
      <Filter>renderer_vulkan</Filter>
    </ClInclude>
    <ClInclude Include="C:\Users\curti\yuzu\src\video_core\renderer_vulkan\vk_turbo_mode.h">
      <Filter>renderer_vulkan</Filter>
    </ClInclude>
    <ClInclude Include="C:\Users\curti\yuzu\src\video_core\renderer_vulkan\vk_update_descriptor.h">
      <Filter>renderer_vulkan</Filter>
    </ClInclude>
    <ClInclude Include="C:\Users\curti\yuzu\src\video_core\shader_cache.h" />
    <ClInclude Include="C:\Users\curti\yuzu\src\video_core\shader_environment.h" />
    <ClInclude Include="C:\Users\curti\yuzu\src\video_core\shader_notify.h" />
    <ClInclude Include="C:\Users\curti\yuzu\src\video_core\smaa_area_tex.h" />
    <ClInclude Include="C:\Users\curti\yuzu\src\video_core\smaa_search_tex.h" />
    <ClInclude Include="C:\Users\curti\yuzu\src\video_core\surface.h" />
    <ClInclude Include="C:\Users\curti\yuzu\src\video_core\texture_cache\accelerated_swizzle.h">
      <Filter>texture_cache</Filter>
    </ClInclude>
    <ClInclude Include="C:\Users\curti\yuzu\src\video_core\texture_cache\decode_bc.h">
      <Filter>texture_cache</Filter>
    </ClInclude>
    <ClInclude Include="C:\Users\curti\yuzu\src\video_core\texture_cache\descriptor_table.h">
      <Filter>texture_cache</Filter>
    </ClInclude>
    <ClInclude Include="C:\Users\curti\yuzu\src\video_core\texture_cache\formatter.h">
      <Filter>texture_cache</Filter>
    </ClInclude>
    <ClInclude Include="C:\Users\curti\yuzu\src\video_core\texture_cache\format_lookup_table.h">
      <Filter>texture_cache</Filter>
    </ClInclude>
    <ClInclude Include="C:\Users\curti\yuzu\src\video_core\texture_cache\image_base.h">
      <Filter>texture_cache</Filter>
    </ClInclude>
    <ClInclude Include="C:\Users\curti\yuzu\src\video_core\texture_cache\image_info.h">
      <Filter>texture_cache</Filter>
    </ClInclude>
    <ClInclude Include="C:\Users\curti\yuzu\src\video_core\texture_cache\image_view_base.h">
      <Filter>texture_cache</Filter>
    </ClInclude>
    <ClInclude Include="C:\Users\curti\yuzu\src\video_core\texture_cache\image_view_info.h">
      <Filter>texture_cache</Filter>
    </ClInclude>
    <ClInclude Include="C:\Users\curti\yuzu\src\video_core\texture_cache\render_targets.h">
      <Filter>texture_cache</Filter>
    </ClInclude>
    <ClInclude Include="C:\Users\curti\yuzu\src\video_core\texture_cache\samples_helper.h">
      <Filter>texture_cache</Filter>
    </ClInclude>
    <ClInclude Include="C:\Users\curti\yuzu\src\video_core\texture_cache\slot_vector.h">
      <Filter>texture_cache</Filter>
    </ClInclude>
    <ClInclude Include="C:\Users\curti\yuzu\src\video_core\texture_cache\texture_cache.h">
      <Filter>texture_cache</Filter>
    </ClInclude>
    <ClInclude Include="C:\Users\curti\yuzu\src\video_core\texture_cache\texture_cache_base.h">
      <Filter>texture_cache</Filter>
    </ClInclude>
    <ClInclude Include="C:\Users\curti\yuzu\src\video_core\texture_cache\types.h">
      <Filter>texture_cache</Filter>
    </ClInclude>
    <ClInclude Include="C:\Users\curti\yuzu\src\video_core\texture_cache\util.h">
      <Filter>texture_cache</Filter>
    </ClInclude>
    <ClInclude Include="C:\Users\curti\yuzu\src\video_core\textures\astc.h">
      <Filter>textures</Filter>
    </ClInclude>
    <ClInclude Include="C:\Users\curti\yuzu\src\video_core\textures\bcn.h">
      <Filter>textures</Filter>
    </ClInclude>
    <ClInclude Include="C:\Users\curti\yuzu\src\video_core\textures\decoders.h">
      <Filter>textures</Filter>
    </ClInclude>
    <ClInclude Include="C:\Users\curti\yuzu\src\video_core\textures\texture.h">
      <Filter>textures</Filter>
    </ClInclude>
    <ClInclude Include="C:\Users\curti\yuzu\src\video_core\textures\workers.h">
      <Filter>textures</Filter>
    </ClInclude>
    <ClInclude Include="C:\Users\curti\yuzu\src\video_core\transform_feedback.h" />
    <ClInclude Include="C:\Users\curti\yuzu\src\video_core\video_core.h" />
    <ClInclude Include="C:\Users\curti\yuzu\src\video_core\vulkan_common\vulkan_debug_callback.h">
      <Filter>vulkan_common</Filter>
    </ClInclude>
    <ClInclude Include="C:\Users\curti\yuzu\src\video_core\vulkan_common\vulkan_device.h">
      <Filter>vulkan_common</Filter>
    </ClInclude>
    <ClInclude Include="C:\Users\curti\yuzu\src\video_core\vulkan_common\vulkan_instance.h">
      <Filter>vulkan_common</Filter>
    </ClInclude>
    <ClInclude Include="C:\Users\curti\yuzu\src\video_core\vulkan_common\vulkan_library.h">
      <Filter>vulkan_common</Filter>
    </ClInclude>
    <ClInclude Include="C:\Users\curti\yuzu\src\video_core\vulkan_common\vulkan_memory_allocator.h">
      <Filter>vulkan_common</Filter>
    </ClInclude>
    <ClInclude Include="C:\Users\curti\yuzu\src\video_core\vulkan_common\vulkan_surface.h">
      <Filter>vulkan_common</Filter>
    </ClInclude>
    <ClInclude Include="C:\Users\curti\yuzu\src\video_core\vulkan_common\vulkan_wrapper.h">
      <Filter>vulkan_common</Filter>
    </ClInclude>
    <ClInclude Include="C:\Users\curti\yuzu\src\video_core\vulkan_common\nsight_aftermath_tracker.h">
      <Filter>vulkan_common</Filter>
    </ClInclude>
    <ClInclude Include="C:\Users\curti\yuzu\src\video_core\vulkan_common\vma.h">
      <Filter>vulkan_common</Filter>
    </ClInclude>
    <ClInclude Include="C:\Users\curti\yuzu\src\video_core\vulkan_common\vulkan.h">
      <Filter>vulkan_common</Filter>
    </ClInclude>
    <ClInclude Include="C:\Users\curti\yuzu\src\video_core\macro\macro_jit_x64.h">
      <Filter>macro</Filter>
    </ClInclude>
    <ClInclude Include="F:\custom-build\Yuzu-1703\src\video_core\CMakeFiles\video_core.dir\Debug\cmake_pch.hxx">
      <Filter>Other Files</Filter>
    </ClInclude>
    <ClInclude Include="F:\custom-build\Yuzu-1703\src\video_core\CMakeFiles\video_core.dir\Release\cmake_pch.hxx">
      <Filter>Other Files</Filter>
    </ClInclude>
  </ItemGroup>
  <ItemGroup>
    <CustomBuild Include="C:\Users\curti\yuzu\src\video_core\CMakeLists.txt">
      <Filter>Other Files</Filter>
    </CustomBuild>
  </ItemGroup>
  <ItemGroup>
    <Filter Include="Other Files">
      <UniqueIdentifier>{497DFFD5-D906-322C-9A2A-EB8C8ACE77BB}</UniqueIdentifier>
    </Filter>
    <Filter Include="buffer_cache">
      <UniqueIdentifier>{38AEABF8-2671-3F7B-839C-5E6E1DDE2CF1}</UniqueIdentifier>
    </Filter>
    <Filter Include="control">
      <UniqueIdentifier>{F35A91C5-9426-3095-BC70-C4F2B0A6FDA3}</UniqueIdentifier>
    </Filter>
    <Filter Include="engines">
      <UniqueIdentifier>{C0BBD654-5E74-3F9D-9C04-00FC2AB0DDC7}</UniqueIdentifier>
    </Filter>
    <Filter Include="engines\sw_blitter">
      <UniqueIdentifier>{8FC7367B-5F6C-324D-B75A-666C818DF7D9}</UniqueIdentifier>
    </Filter>
    <Filter Include="host1x">
      <UniqueIdentifier>{1B563BA0-56D1-3C38-A725-B162DDBEDCD4}</UniqueIdentifier>
    </Filter>
    <Filter Include="host1x\codecs">
      <UniqueIdentifier>{A24060F3-6016-3CD6-848E-D2A37ED29F28}</UniqueIdentifier>
    </Filter>
    <Filter Include="host1x\ffmpeg">
      <UniqueIdentifier>{8769FC67-22F7-3C5A-BC03-E13E66D867ED}</UniqueIdentifier>
    </Filter>
    <Filter Include="macro">
      <UniqueIdentifier>{C1697A36-526E-3CB1-8C7F-F1332029ABBD}</UniqueIdentifier>
    </Filter>
    <Filter Include="query_cache">
      <UniqueIdentifier>{4513194F-D304-3755-A9CE-9DBCE71DF80B}</UniqueIdentifier>
    </Filter>
    <Filter Include="renderer_null">
      <UniqueIdentifier>{86C03046-6E92-3B11-830E-A15B0ADECC68}</UniqueIdentifier>
    </Filter>
    <Filter Include="renderer_opengl">
      <UniqueIdentifier>{C3B76BD0-C0C3-3514-9667-8601A9AF2007}</UniqueIdentifier>
    </Filter>
    <Filter Include="renderer_opengl\present">
      <UniqueIdentifier>{11B8B680-305A-322D-9B7C-0E6AAECFEBF2}</UniqueIdentifier>
    </Filter>
    <Filter Include="renderer_vulkan">
      <UniqueIdentifier>{6184714F-CFD6-3EA8-BC2D-3E9B4DAE4047}</UniqueIdentifier>
    </Filter>
    <Filter Include="renderer_vulkan\present">
      <UniqueIdentifier>{2E0D99E1-E5C4-3B05-ABB3-E499BF11ACE4}</UniqueIdentifier>
    </Filter>
    <Filter Include="texture_cache">
      <UniqueIdentifier>{828B49F1-E7C0-3825-B50B-2EE40D8BDA72}</UniqueIdentifier>
    </Filter>
    <Filter Include="textures">
      <UniqueIdentifier>{AC90373B-15BA-38AD-B9EC-E8AACA96A62D}</UniqueIdentifier>
    </Filter>
    <Filter Include="vulkan_common">
      <UniqueIdentifier>{FA17393C-1EDD-3E32-B2E5-66C73922F415}</UniqueIdentifier>
    </Filter>
  </ItemGroup>
</Project>
